// !$*UTF8*$!
{
	archiveVersion = 1;
	classes = {
	};
	objectVersion = 46;
	objects = {

/* Begin PBXBuildFile section */
		6D73353319A7061D00A3552A /* Foundation.framework in Frameworks */ = {isa = PBXBuildFile; fileRef = 6D73353219A7061D00A3552A /* Foundation.framework */; };
		6D73354119A7061D00A3552A /* XCTest.framework in Frameworks */ = {isa = PBXBuildFile; fileRef = 6D73354019A7061D00A3552A /* XCTest.framework */; };
		6D73354219A7061D00A3552A /* Foundation.framework in Frameworks */ = {isa = PBXBuildFile; fileRef = 6D73353219A7061D00A3552A /* Foundation.framework */; };
		6D73354419A7061D00A3552A /* UIKit.framework in Frameworks */ = {isa = PBXBuildFile; fileRef = 6D73354319A7061D00A3552A /* UIKit.framework */; };
		6D73354719A7061D00A3552A /* libGMDLibrary.a in Frameworks */ = {isa = PBXBuildFile; fileRef = 6D73352F19A7061D00A3552A /* libGMDLibrary.a */; };
		6D73356319A7077500A3552A /* GreenView.m in Sources */ = {isa = PBXBuildFile; fileRef = 6D73356219A7077500A3552A /* GreenView.m */; };
/* End PBXBuildFile section */

/* Begin PBXContainerItemProxy section */
		6D73354519A7061D00A3552A /* PBXContainerItemProxy */ = {
			isa = PBXContainerItemProxy;
			containerPortal = 6D73352719A7061D00A3552A /* Project object */;
			proxyType = 1;
			remoteGlobalIDString = 6D73352E19A7061D00A3552A;
			remoteInfo = GMDLibrary;
		};
/* End PBXContainerItemProxy section */

/* Begin PBXCopyFilesBuildPhase section */
		6D73352D19A7061D00A3552A /* CopyFiles */ = {
			isa = PBXCopyFilesBuildPhase;
			buildActionMask = 2147483647;
			dstPath = "include/$(PRODUCT_NAME)";
			dstSubfolderSpec = 16;
			files = (
			);
			runOnlyForDeploymentPostprocessing = 0;
		};
/* End PBXCopyFilesBuildPhase section */

/* Begin PBXFileReference section */
		6D73352F19A7061D00A3552A /* libGMDLibrary.a */ = {isa = PBXFileReference; explicitFileType = archive.ar; includeInIndex = 0; path = libGMDLibrary.a; sourceTree = BUILT_PRODUCTS_DIR; };
		6D73353219A7061D00A3552A /* Foundation.framework */ = {isa = PBXFileReference; lastKnownFileType = wrapper.framework; name = Foundation.framework; path = System/Library/Frameworks/Foundation.framework; sourceTree = SDKROOT; };
		6D73353619A7061D00A3552A /* GMDLibrary-Prefix.pch */ = {isa = PBXFileReference; lastKnownFileType = sourcecode.c.h; path = "GMDLibrary-Prefix.pch"; sourceTree = "<group>"; };
		6D73353F19A7061D00A3552A /* GMDLibraryTests.xctest */ = {isa = PBXFileReference; explicitFileType = wrapper.cfbundle; includeInIndex = 0; path = GMDLibraryTests.xctest; sourceTree = BUILT_PRODUCTS_DIR; };
		6D73354019A7061D00A3552A /* XCTest.framework */ = {isa = PBXFileReference; lastKnownFileType = wrapper.framework; name = XCTest.framework; path = Library/Frameworks/XCTest.framework; sourceTree = DEVELOPER_DIR; };
		6D73354319A7061D00A3552A /* UIKit.framework */ = {isa = PBXFileReference; lastKnownFileType = wrapper.framework; name = UIKit.framework; path = Library/Frameworks/UIKit.framework; sourceTree = DEVELOPER_DIR; };
		6D73356119A7077500A3552A /* GreenView.h */ = {isa = PBXFileReference; fileEncoding = 4; lastKnownFileType = sourcecode.c.h; path = GreenView.h; sourceTree = "<group>"; };
		6D73356219A7077500A3552A /* GreenView.m */ = {isa = PBXFileReference; fileEncoding = 4; lastKnownFileType = sourcecode.c.objc; path = GreenView.m; sourceTree = "<group>"; };
		6D73357219A70CCE00A3552A /* GMDLibrary.h */ = {isa = PBXFileReference; lastKnownFileType = sourcecode.c.h; path = GMDLibrary.h; sourceTree = "<group>"; };
/* End PBXFileReference section */

/* Begin PBXFrameworksBuildPhase section */
		6D73352C19A7061D00A3552A /* Frameworks */ = {
			isa = PBXFrameworksBuildPhase;
			buildActionMask = 2147483647;
			files = (
				6D73353319A7061D00A3552A /* Foundation.framework in Frameworks */,
			);
			runOnlyForDeploymentPostprocessing = 0;
		};
		6D73353C19A7061D00A3552A /* Frameworks */ = {
			isa = PBXFrameworksBuildPhase;
			buildActionMask = 2147483647;
			files = (
				6D73354119A7061D00A3552A /* XCTest.framework in Frameworks */,
				6D73354419A7061D00A3552A /* UIKit.framework in Frameworks */,
				6D73354719A7061D00A3552A /* libGMDLibrary.a in Frameworks */,
				6D73354219A7061D00A3552A /* Foundation.framework in Frameworks */,
			);
			runOnlyForDeploymentPostprocessing = 0;
		};
/* End PBXFrameworksBuildPhase section */

/* Begin PBXGroup section */
		6D73352619A7061D00A3552A = {
			isa = PBXGroup;
			children = (
				6D73353419A7061D00A3552A /* GMDLibrary */,
				6D73353119A7061D00A3552A /* Frameworks */,
				6D73353019A7061D00A3552A /* Products */,
			);
			sourceTree = "<group>";
		};
		6D73353019A7061D00A3552A /* Products */ = {
			isa = PBXGroup;
			children = (
				6D73352F19A7061D00A3552A /* libGMDLibrary.a */,
				6D73353F19A7061D00A3552A /* GMDLibraryTests.xctest */,
			);
			name = Products;
			sourceTree = "<group>";
		};
		6D73353119A7061D00A3552A /* Frameworks */ = {
			isa = PBXGroup;
			children = (
				6D73353219A7061D00A3552A /* Foundation.framework */,
				6D73354019A7061D00A3552A /* XCTest.framework */,
				6D73354319A7061D00A3552A /* UIKit.framework */,
			);
			name = Frameworks;
			sourceTree = "<group>";
		};
		6D73353419A7061D00A3552A /* GMDLibrary */ = {
			isa = PBXGroup;
			children = (
				6D73356119A7077500A3552A /* GreenView.h */,
				6D73356219A7077500A3552A /* GreenView.m */,
				6D73357219A70CCE00A3552A /* GMDLibrary.h */,
				6D73353519A7061D00A3552A /* Supporting Files */,
			);
			path = GMDLibrary;
			sourceTree = "<group>";
		};
		6D73353519A7061D00A3552A /* Supporting Files */ = {
			isa = PBXGroup;
			children = (
				6D73353619A7061D00A3552A /* GMDLibrary-Prefix.pch */,
			);
			name = "Supporting Files";
			sourceTree = "<group>";
		};
/* End PBXGroup section */

/* Begin PBXNativeTarget section */
		6D73352E19A7061D00A3552A /* GMDLibrary */ = {
			isa = PBXNativeTarget;
			buildConfigurationList = 6D73355219A7061D00A3552A /* Build configuration list for PBXNativeTarget "GMDLibrary" */;
			buildPhases = (
				6D73352B19A7061D00A3552A /* Sources */,
				6D73352C19A7061D00A3552A /* Frameworks */,
				6D73352D19A7061D00A3552A /* CopyFiles */,
			);
			buildRules = (
			);
			dependencies = (
			);
			name = GMDLibrary;
			productName = GMDLibrary;
			productReference = 6D73352F19A7061D00A3552A /* libGMDLibrary.a */;
			productType = "com.apple.product-type.library.static";
		};
		6D73353E19A7061D00A3552A /* GMDLibraryTests */ = {
			isa = PBXNativeTarget;
			buildConfigurationList = 6D73355519A7061D00A3552A /* Build configuration list for PBXNativeTarget "GMDLibraryTests" */;
			buildPhases = (
				6D73353B19A7061D00A3552A /* Sources */,
				6D73353C19A7061D00A3552A /* Frameworks */,
				6D73353D19A7061D00A3552A /* Resources */,
			);
			buildRules = (
			);
			dependencies = (
				6D73354619A7061D00A3552A /* PBXTargetDependency */,
			);
			name = GMDLibraryTests;
			productName = GMDLibraryTests;
			productReference = 6D73353F19A7061D00A3552A /* GMDLibraryTests.xctest */;
			productType = "com.apple.product-type.bundle.unit-test";
		};
/* End PBXNativeTarget section */

/* Begin PBXProject section */
		6D73352719A7061D00A3552A /* Project object */ = {
			isa = PBXProject;
			attributes = {
				LastUpgradeCheck = 0510;
				ORGANIZATIONNAME = Fantastik;
			};
			buildConfigurationList = 6D73352A19A7061D00A3552A /* Build configuration list for PBXProject "GMDLibrary" */;
			compatibilityVersion = "Xcode 3.2";
			developmentRegion = English;
			hasScannedForEncodings = 0;
			knownRegions = (
				en,
			);
			mainGroup = 6D73352619A7061D00A3552A;
			productRefGroup = 6D73353019A7061D00A3552A /* Products */;
			projectDirPath = "";
			projectRoot = "";
			targets = (
				6D73352E19A7061D00A3552A /* GMDLibrary */,
				6D73353E19A7061D00A3552A /* GMDLibraryTests */,
			);
		};
/* End PBXProject section */

/* Begin PBXResourcesBuildPhase section */
		6D73353D19A7061D00A3552A /* Resources */ = {
			isa = PBXResourcesBuildPhase;
			buildActionMask = 2147483647;
			files = (
			);
			runOnlyForDeploymentPostprocessing = 0;
		};
/* End PBXResourcesBuildPhase section */

/* Begin PBXSourcesBuildPhase section */
		6D73352B19A7061D00A3552A /* Sources */ = {
			isa = PBXSourcesBuildPhase;
			buildActionMask = 2147483647;
			files = (
				6D73356319A7077500A3552A /* GreenView.m in Sources */,
			);
			runOnlyForDeploymentPostprocessing = 0;
		};
		6D73353B19A7061D00A3552A /* Sources */ = {
			isa = PBXSourcesBuildPhase;
			buildActionMask = 2147483647;
			files = (
			);
			runOnlyForDeploymentPostprocessing = 0;
		};
/* End PBXSourcesBuildPhase section */

/* Begin PBXTargetDependency section */
		6D73354619A7061D00A3552A /* PBXTargetDependency */ = {
			isa = PBXTargetDependency;
			target = 6D73352E19A7061D00A3552A /* GMDLibrary */;
			targetProxy = 6D73354519A7061D00A3552A /* PBXContainerItemProxy */;
		};
/* End PBXTargetDependency section */

/* Begin XCBuildConfiguration section */
		6D73355019A7061D00A3552A /* Debug */ = {
			isa = XCBuildConfiguration;
			buildSettings = {
				ALWAYS_SEARCH_USER_PATHS = NO;
				CLANG_CXX_LANGUAGE_STANDARD = "gnu++0x";
				CLANG_CXX_LIBRARY = "libc++";
				CLANG_ENABLE_MODULES = YES;
				CLANG_ENABLE_OBJC_ARC = YES;
				CLANG_WARN_BOOL_CONVERSION = YES;
				CLANG_WARN_CONSTANT_CONVERSION = YES;
				CLANG_WARN_DIRECT_OBJC_ISA_USAGE = YES_ERROR;
				CLANG_WARN_EMPTY_BODY = YES;
				CLANG_WARN_ENUM_CONVERSION = YES;
				CLANG_WARN_INT_CONVERSION = YES;
				CLANG_WARN_OBJC_ROOT_CLASS = YES_ERROR;
				CLANG_WARN__DUPLICATE_METHOD_MATCH = YES;
				COPY_PHASE_STRIP = NO;
				GCC_C_LANGUAGE_STANDARD = gnu99;
				GCC_DYNAMIC_NO_PIC = NO;
				GCC_OPTIMIZATION_LEVEL = 0;
				GCC_PREPROCESSOR_DEFINITIONS = (
					"DEBUG=1",
					"$(inherited)",
				);
				GCC_SYMBOLS_PRIVATE_EXTERN = NO;
				GCC_WARN_64_TO_32_BIT_CONVERSION = YES;
				GCC_WARN_ABOUT_RETURN_TYPE = YES_ERROR;
				GCC_WARN_UNDECLARED_SELECTOR = YES;
				GCC_WARN_UNINITIALIZED_AUTOS = YES_AGGRESSIVE;
				GCC_WARN_UNUSED_FUNCTION = YES;
				GCC_WARN_UNUSED_VARIABLE = YES;
				IPHONEOS_DEPLOYMENT_TARGET = 7.1;
				ONLY_ACTIVE_ARCH = YES;
				SDKROOT = iphoneos;
			};
			name = Debug;
		};
		6D73355119A7061D00A3552A /* Release */ = {
			isa = XCBuildConfiguration;
			buildSettings = {
				ALWAYS_SEARCH_USER_PATHS = NO;
				CLANG_CXX_LANGUAGE_STANDARD = "gnu++0x";
				CLANG_CXX_LIBRARY = "libc++";
				CLANG_ENABLE_MODULES = YES;
				CLANG_ENABLE_OBJC_ARC = YES;
				CLANG_WARN_BOOL_CONVERSION = YES;
				CLANG_WARN_CONSTANT_CONVERSION = YES;
				CLANG_WARN_DIRECT_OBJC_ISA_USAGE = YES_ERROR;
				CLANG_WARN_EMPTY_BODY = YES;
				CLANG_WARN_ENUM_CONVERSION = YES;
				CLANG_WARN_INT_CONVERSION = YES;
				CLANG_WARN_OBJC_ROOT_CLASS = YES_ERROR;
				CLANG_WARN__DUPLICATE_METHOD_MATCH = YES;
				COPY_PHASE_STRIP = YES;
				ENABLE_NS_ASSERTIONS = NO;
				GCC_C_LANGUAGE_STANDARD = gnu99;
				GCC_WARN_64_TO_32_BIT_CONVERSION = YES;
				GCC_WARN_ABOUT_RETURN_TYPE = YES_ERROR;
				GCC_WARN_UNDECLARED_SELECTOR = YES;
				GCC_WARN_UNINITIALIZED_AUTOS = YES_AGGRESSIVE;
				GCC_WARN_UNUSED_FUNCTION = YES;
				GCC_WARN_UNUSED_VARIABLE = YES;
				IPHONEOS_DEPLOYMENT_TARGET = 7.1;
				SDKROOT = iphoneos;
				VALIDATE_PRODUCT = YES;
			};
			name = Release;
		};
		6D73355319A7061D00A3552A /* Debug */ = {
			isa = XCBuildConfiguration;
			buildSettings = {
				DSTROOT = /tmp/GMDLibrary.dst;
				GCC_PRECOMPILE_PREFIX_HEADER = YES;
				GCC_PREFIX_HEADER = "GMDLibrary/GMDLibrary-Prefix.pch";
				OTHER_LDFLAGS = "-ObjC";
				PRODUCT_NAME = "$(TARGET_NAME)";
				SKIP_INSTALL = YES;
			};
			name = Debug;
		};
		6D73355419A7061D00A3552A /* Release */ = {
			isa = XCBuildConfiguration;
			buildSettings = {
				DSTROOT = /tmp/GMDLibrary.dst;
				GCC_PRECOMPILE_PREFIX_HEADER = YES;
				GCC_PREFIX_HEADER = "GMDLibrary/GMDLibrary-Prefix.pch";
				OTHER_LDFLAGS = "-ObjC";
				PRODUCT_NAME = "$(TARGET_NAME)";
				SKIP_INSTALL = YES;
			};
			name = Release;
		};
		6D73355619A7061D00A3552A /* Debug */ = {
			isa = XCBuildConfiguration;
			buildSettings = {
				FRAMEWORK_SEARCH_PATHS = (
					"$(SDKROOT)/Developer/Library/Frameworks",
					"$(inherited)",
					"$(DEVELOPER_FRAMEWORKS_DIR)",
				);
				GCC_PRECOMPILE_PREFIX_HEADER = YES;
				GCC_PREFIX_HEADER = "GMDLibrary/GMDLibrary-Prefix.pch";
				GCC_PREPROCESSOR_DEFINITIONS = (
					"DEBUG=1",
					"$(inherited)",
				);
				INFOPLIST_FILE = "GMDLibraryTests/GMDLibraryTests-Info.plist";
				PRODUCT_NAME = "$(TARGET_NAME)";
				WRAPPER_EXTENSION = xctest;
			};
			name = Debug;
		};
		6D73355719A7061D00A3552A /* Release */ = {
			isa = XCBuildConfiguration;
			buildSettings = {
				FRAMEWORK_SEARCH_PATHS = (
					"$(SDKROOT)/Developer/Library/Frameworks",
					"$(inherited)",
					"$(DEVELOPER_FRAMEWORKS_DIR)",
				);
				GCC_PRECOMPILE_PREFIX_HEADER = YES;
				GCC_PREFIX_HEADER = "GMDLibrary/GMDLibrary-Prefix.pch";
				INFOPLIST_FILE = "GMDLibraryTests/GMDLibraryTests-Info.plist";
				PRODUCT_NAME = "$(TARGET_NAME)";
				WRAPPER_EXTENSION = xctest;
			};
			name = Release;
		};
/* End XCBuildConfiguration section */

/* Begin XCConfigurationList section */
		6D73352A19A7061D00A3552A /* Build configuration list for PBXProject "GMDLibrary" */ = {
			isa = XCConfigurationList;
			buildConfigurations = (
				6D73355019A7061D00A3552A /* Debug */,
				6D73355119A7061D00A3552A /* Release */,
			);
			defaultConfigurationIsVisible = 0;
			defaultConfigurationName = Release;
		};
		6D73355219A7061D00A3552A /* Build configuration list for PBXNativeTarget "GMDLibrary" */ = {
			isa = XCConfigurationList;
			buildConfigurations = (
				6D73355319A7061D00A3552A /* Debug */,
				6D73355419A7061D00A3552A /* Release */,
			);
			defaultConfigurationIsVisible = 0;
			defaultConfigurationName = Release;
		};
		6D73355519A7061D00A3552A /* Build configuration list for PBXNativeTarget "GMDLibraryTests" */ = {
			isa = XCConfigurationList;
			buildConfigurations = (
				6D73355619A7061D00A3552A /* Debug */,
				6D73355719A7061D00A3552A /* Release */,
			);
			defaultConfigurationIsVisible = 0;
			defaultConfigurationName = Release;
		};
/* End XCConfigurationList section */
	};
	rootObject = 6D73352719A7061D00A3552A /* Project object */;
}
