// !$*UTF8*$!
{
	archiveVersion = 1;
	classes = {
	};
	objectVersion = 46;
	objects = {

/* Begin PBXBuildFile section */
		6D07801119A4709500B5BC11 /* MediaPlayer.framework in Frameworks */ = {isa = PBXBuildFile; fileRef = 6D07801019A4709500B5BC11 /* MediaPlayer.framework */; };
		6D07801319A470B100B5BC11 /* libz.dylib in Frameworks */ = {isa = PBXBuildFile; fileRef = 6D07801219A470B100B5BC11 /* libz.dylib */; };
		6D07801519A470BF00B5BC11 /* CoreLocation.framework in Frameworks */ = {isa = PBXBuildFile; fileRef = 6D07801419A470BF00B5BC11 /* CoreLocation.framework */; };
		6D07801F19A47A8000B5BC11 /* libsqlite3.0.dylib in Frameworks */ = {isa = PBXBuildFile; fileRef = 6D07801E19A47A8000B5BC11 /* libsqlite3.0.dylib */; };
		6D48AF4F19AA68C700027D42 /* AccountView.m in Sources */ = {isa = PBXBuildFile; fileRef = 6D48AF4E19AA68C700027D42 /* AccountView.m */; };
		6D50E28D19A59B0800CB328E /* GMHudView.m in Sources */ = {isa = PBXBuildFile; fileRef = 6D50E28C19A59B0800CB328E /* GMHudView.m */; };
		6D50E29119A5A29800CB328E /* GMHUDWindow.m in Sources */ = {isa = PBXBuildFile; fileRef = 6D50E29019A5A29800CB328E /* GMHUDWindow.m */; };
		6D50E29419A5A56B00CB328E /* GMHUDWindowViewController.m in Sources */ = {isa = PBXBuildFile; fileRef = 6D50E29319A5A56B00CB328E /* GMHUDWindowViewController.m */; };
		6D5C84BF19A1BA4D0052D1D9 /* GMWebView.m in Sources */ = {isa = PBXBuildFile; fileRef = 6D5C84BE19A1BA4D0052D1D9 /* GMWebView.m */; };
		6D5C84C419A1C8C80052D1D9 /* GMWebViewController.m in Sources */ = {isa = PBXBuildFile; fileRef = 6D5C84C319A1C8C80052D1D9 /* GMWebViewController.m */; };
		6D5C84C719A45AC30052D1D9 /* PhotoCell.m in Sources */ = {isa = PBXBuildFile; fileRef = 6D5C84C619A45AC30052D1D9 /* PhotoCell.m */; };
		6D5D7AC51992DA4200A72676 /* UIColor+HipsteriOSAdditions.m in Sources */ = {isa = PBXBuildFile; fileRef = 6D5D7AC41992DA4200A72676 /* UIColor+HipsteriOSAdditions.m */; };
		6D5D7AC81992DC5B00A72676 /* UIFont+HipsteriOSAdditions.m in Sources */ = {isa = PBXBuildFile; fileRef = 6D5D7AC71992DC5B00A72676 /* UIFont+HipsteriOSAdditions.m */; };
		6D5D7ACB1992DE7B00A72676 /* UIButton+HipsteriOSAdditions.m in Sources */ = {isa = PBXBuildFile; fileRef = 6D5D7ACA1992DE7B00A72676 /* UIButton+HipsteriOSAdditions.m */; };
		6D5D7AD319932AFB00A72676 /* HSIDefines.m in Sources */ = {isa = PBXBuildFile; fileRef = 6D5D7AD219932AFB00A72676 /* HSIDefines.m */; };
		6D66CE861964F57E00AF16F9 /* Foundation.framework in Frameworks */ = {isa = PBXBuildFile; fileRef = 6D66CE851964F57E00AF16F9 /* Foundation.framework */; };
		6D66CE881964F57E00AF16F9 /* CoreGraphics.framework in Frameworks */ = {isa = PBXBuildFile; fileRef = 6D66CE871964F57E00AF16F9 /* CoreGraphics.framework */; };
		6D66CE8A1964F57E00AF16F9 /* UIKit.framework in Frameworks */ = {isa = PBXBuildFile; fileRef = 6D66CE891964F57E00AF16F9 /* UIKit.framework */; };
		6D66CE901964F57E00AF16F9 /* InfoPlist.strings in Resources */ = {isa = PBXBuildFile; fileRef = 6D66CE8E1964F57E00AF16F9 /* InfoPlist.strings */; };
		6D66CE921964F57E00AF16F9 /* main.m in Sources */ = {isa = PBXBuildFile; fileRef = 6D66CE911964F57E00AF16F9 /* main.m */; };
		6D66CE961964F57E00AF16F9 /* AppDelegate.m in Sources */ = {isa = PBXBuildFile; fileRef = 6D66CE951964F57E00AF16F9 /* AppDelegate.m */; };
		6D66CE981964F57E00AF16F9 /* Images.xcassets in Resources */ = {isa = PBXBuildFile; fileRef = 6D66CE971964F57E00AF16F9 /* Images.xcassets */; };
		6D66CE9F1964F57E00AF16F9 /* XCTest.framework in Frameworks */ = {isa = PBXBuildFile; fileRef = 6D66CE9E1964F57E00AF16F9 /* XCTest.framework */; };
		6D66CEA01964F57E00AF16F9 /* Foundation.framework in Frameworks */ = {isa = PBXBuildFile; fileRef = 6D66CE851964F57E00AF16F9 /* Foundation.framework */; };
		6D66CEA11964F57E00AF16F9 /* UIKit.framework in Frameworks */ = {isa = PBXBuildFile; fileRef = 6D66CE891964F57E00AF16F9 /* UIKit.framework */; };
		6D66CEA91964F57E00AF16F9 /* InfoPlist.strings in Resources */ = {isa = PBXBuildFile; fileRef = 6D66CEA71964F57E00AF16F9 /* InfoPlist.strings */; };
		6D66CEAB1964F57E00AF16F9 /* testTests.m in Sources */ = {isa = PBXBuildFile; fileRef = 6D66CEAA1964F57E00AF16F9 /* testTests.m */; };
		6D66CEBA1964F6A200AF16F9 /* splitViewController.m in Sources */ = {isa = PBXBuildFile; fileRef = 6D66CEB91964F6A200AF16F9 /* splitViewController.m */; };
		6D66CEBD1964F72200AF16F9 /* SignInViewController.m in Sources */ = {isa = PBXBuildFile; fileRef = 6D66CEBC1964F72200AF16F9 /* SignInViewController.m */; };
		6D66CEC01964F97A00AF16F9 /* ListViewController.m in Sources */ = {isa = PBXBuildFile; fileRef = 6D66CEBF1964F97A00AF16F9 /* ListViewController.m */; };
		6D66CEC31964FB0B00AF16F9 /* CDKUser.m in Sources */ = {isa = PBXBuildFile; fileRef = 6D66CEC21964FB0B00AF16F9 /* CDKUser.m */; };
		6D7335CD19A719EE00A3552A /* Accounts.framework in Frameworks */ = {isa = PBXBuildFile; fileRef = 6D7335CC19A719EE00A3552A /* Accounts.framework */; };
		6DA6809F19B41168002B04E3 /* DetailViewController.m in Sources */ = {isa = PBXBuildFile; fileRef = 6DA6809E19B41168002B04E3 /* DetailViewController.m */; };
		6DA680A419B41218002B04E3 /* DetailedView.m in Sources */ = {isa = PBXBuildFile; fileRef = 6DA680A319B41218002B04E3 /* DetailedView.m */; };
		6DA680A719B41752002B04E3 /* PhotoController.m in Sources */ = {isa = PBXBuildFile; fileRef = 6DA680A619B41752002B04E3 /* PhotoController.m */; };
		6DA680AA19B42AF1002B04E3 /* PresentDetailTransition.m in Sources */ = {isa = PBXBuildFile; fileRef = 6DA680A919B42AF1002B04E3 /* PresentDetailTransition.m */; };
		6DA680AD19B42BE2002B04E3 /* DismissDetailTransition.m in Sources */ = {isa = PBXBuildFile; fileRef = 6DA680AC19B42BE2002B04E3 /* DismissDetailTransition.m */; };
		6DA9138E1998793B00DBCD77 /* Oswald-Bold.otf in Resources */ = {isa = PBXBuildFile; fileRef = 6DA9138B1998793B00DBCD77 /* Oswald-Bold.otf */; };
		6DA9138F1998793B00DBCD77 /* Oswald-Light.otf in Resources */ = {isa = PBXBuildFile; fileRef = 6DA9138C1998793B00DBCD77 /* Oswald-Light.otf */; };
		6DA913901998793B00DBCD77 /* Oswald-Regular.otf in Resources */ = {isa = PBXBuildFile; fileRef = 6DA9138D1998793B00DBCD77 /* Oswald-Regular.otf */; };
		6DA91397199C58B200DBCD77 /* SettingsViewController.m in Sources */ = {isa = PBXBuildFile; fileRef = 6DA91396199C58B200DBCD77 /* SettingsViewController.m */; };
		6DA9139D199DBD6300DBCD77 /* FeedViewController.m in Sources */ = {isa = PBXBuildFile; fileRef = 6DA9139C199DBD6300DBCD77 /* FeedViewController.m */; };
		6DA913A1199DD28100DBCD77 /* FeedCell.m in Sources */ = {isa = PBXBuildFile; fileRef = 6DA913A0199DD28100DBCD77 /* FeedCell.m */; };
		6DA913A419A0463000DBCD77 /* AccountViewController.m in Sources */ = {isa = PBXBuildFile; fileRef = 6DA913A319A0463000DBCD77 /* AccountViewController.m */; };
		6DB710D8198F0CE000955F7B /* ListTableViewController.m in Sources */ = {isa = PBXBuildFile; fileRef = 6DB710D7198F0CE000955F7B /* ListTableViewController.m */; };
		6DB710DB198F0CED00955F7B /* MainViewController.m in Sources */ = {isa = PBXBuildFile; fileRef = 6DB710DA198F0CED00955F7B /* MainViewController.m */; };
		6DB710FE19904CE200955F7B /* AudioToolbox.framework in Frameworks */ = {isa = PBXBuildFile; fileRef = 6DB710FD19904CE200955F7B /* AudioToolbox.framework */; };
		6DB7110019904CEE00955F7B /* StoreKit.framework in Frameworks */ = {isa = PBXBuildFile; fileRef = 6DB710FF19904CEE00955F7B /* StoreKit.framework */; };
		6DB7110219904CF700955F7B /* MessageUI.framework in Frameworks */ = {isa = PBXBuildFile; fileRef = 6DB7110119904CF700955F7B /* MessageUI.framework */; };
		6DB7110419904D0200955F7B /* CFNetwork.framework in Frameworks */ = {isa = PBXBuildFile; fileRef = 6DB7110319904D0200955F7B /* CFNetwork.framework */; };
		6DB7110619904D0B00955F7B /* CoreText.framework in Frameworks */ = {isa = PBXBuildFile; fileRef = 6DB7110519904D0B00955F7B /* CoreText.framework */; };
		6DB7110819904D1400955F7B /* MobileCoreServices.framework in Frameworks */ = {isa = PBXBuildFile; fileRef = 6DB7110719904D1400955F7B /* MobileCoreServices.framework */; };
		6DB7110A19904D1E00955F7B /* QuartzCore.framework in Frameworks */ = {isa = PBXBuildFile; fileRef = 6DB7110919904D1E00955F7B /* QuartzCore.framework */; };
		6DB7110C19904D2500955F7B /* Security.framework in Frameworks */ = {isa = PBXBuildFile; fileRef = 6DB7110B19904D2500955F7B /* Security.framework */; };
		6DB7110E19904D3000955F7B /* SystemConfiguration.framework in Frameworks */ = {isa = PBXBuildFile; fileRef = 6DB7110D19904D3000955F7B /* SystemConfiguration.framework */; };
		6DB7111019904D3C00955F7B /* CoreData.framework in Frameworks */ = {isa = PBXBuildFile; fileRef = 6DB7110F19904D3C00955F7B /* CoreData.framework */; };
		6DB711181991DF3C00955F7B /* TableViewCellDelegateConfirmationConrol.m in Sources */ = {isa = PBXBuildFile; fileRef = 6DB711171991DF3C00955F7B /* TableViewCellDelegateConfirmationConrol.m */; };
		6DD1F36E19B4CCE8002A4C16 /* AFHTTPRequestOperation.m in Sources */ = {isa = PBXBuildFile; fileRef = 6DD1F34B19B4CCE8002A4C16 /* AFHTTPRequestOperation.m */; };
		6DD1F36F19B4CCE8002A4C16 /* AFHTTPRequestOperationManager.m in Sources */ = {isa = PBXBuildFile; fileRef = 6DD1F34D19B4CCE8002A4C16 /* AFHTTPRequestOperationManager.m */; };
		6DD1F37019B4CCE8002A4C16 /* AFHTTPSessionManager.m in Sources */ = {isa = PBXBuildFile; fileRef = 6DD1F34F19B4CCE8002A4C16 /* AFHTTPSessionManager.m */; };
		6DD1F37119B4CCE8002A4C16 /* AFNetworkActivityIndicatorManager.m in Sources */ = {isa = PBXBuildFile; fileRef = 6DD1F35119B4CCE8002A4C16 /* AFNetworkActivityIndicatorManager.m */; };
		6DD1F37219B4CCE8002A4C16 /* AFNetworkReachabilityManager.m in Sources */ = {isa = PBXBuildFile; fileRef = 6DD1F35419B4CCE8002A4C16 /* AFNetworkReachabilityManager.m */; };
		6DD1F37319B4CCE8002A4C16 /* AFSecurityPolicy.m in Sources */ = {isa = PBXBuildFile; fileRef = 6DD1F35619B4CCE8002A4C16 /* AFSecurityPolicy.m */; };
		6DD1F37419B4CCE8002A4C16 /* AFURLConnectionOperation.m in Sources */ = {isa = PBXBuildFile; fileRef = 6DD1F35819B4CCE8002A4C16 /* AFURLConnectionOperation.m */; };
		6DD1F37519B4CCE8002A4C16 /* AFURLRequestSerialization.m in Sources */ = {isa = PBXBuildFile; fileRef = 6DD1F35A19B4CCE8002A4C16 /* AFURLRequestSerialization.m */; };
		6DD1F37619B4CCE8002A4C16 /* AFURLResponseSerialization.m in Sources */ = {isa = PBXBuildFile; fileRef = 6DD1F35C19B4CCE8002A4C16 /* AFURLResponseSerialization.m */; };
		6DD1F37719B4CCE8002A4C16 /* AFURLSessionManager.m in Sources */ = {isa = PBXBuildFile; fileRef = 6DD1F35E19B4CCE8002A4C16 /* AFURLSessionManager.m */; };
		6DD1F37819B4CCE8002A4C16 /* UIActivityIndicatorView+AFNetworking.m in Sources */ = {isa = PBXBuildFile; fileRef = 6DD1F36019B4CCE8002A4C16 /* UIActivityIndicatorView+AFNetworking.m */; };
		6DD1F37919B4CCE8002A4C16 /* UIAlertView+AFNetworking.m in Sources */ = {isa = PBXBuildFile; fileRef = 6DD1F36219B4CCE8002A4C16 /* UIAlertView+AFNetworking.m */; };
		6DD1F37A19B4CCE8002A4C16 /* UIButton+AFNetworking.m in Sources */ = {isa = PBXBuildFile; fileRef = 6DD1F36419B4CCE8002A4C16 /* UIButton+AFNetworking.m */; };
		6DD1F37B19B4CCE8002A4C16 /* UIImageView+AFNetworking.m in Sources */ = {isa = PBXBuildFile; fileRef = 6DD1F36619B4CCE8002A4C16 /* UIImageView+AFNetworking.m */; };
		6DD1F37C19B4CCE8002A4C16 /* UIProgressView+AFNetworking.m in Sources */ = {isa = PBXBuildFile; fileRef = 6DD1F36919B4CCE8002A4C16 /* UIProgressView+AFNetworking.m */; };
		6DD1F37D19B4CCE8002A4C16 /* UIRefreshControl+AFNetworking.m in Sources */ = {isa = PBXBuildFile; fileRef = 6DD1F36B19B4CCE8002A4C16 /* UIRefreshControl+AFNetworking.m */; };
		6DD1F37E19B4CCE8002A4C16 /* UIWebView+AFNetworking.m in Sources */ = {isa = PBXBuildFile; fileRef = 6DD1F36D19B4CCE8002A4C16 /* UIWebView+AFNetworking.m */; };
		6DF424F319AB2C8B00E00609 /* Parse.framework in Frameworks */ = {isa = PBXBuildFile; fileRef = 6DF424F219AB2C8B00E00609 /* Parse.framework */; };
/* End PBXBuildFile section */

/* Begin PBXContainerItemProxy section */
		6D48AFDC19AB21DD00027D42 /* PBXContainerItemProxy */ = {
			isa = PBXContainerItemProxy;
			containerPortal = 6D48AFD719AB21DD00027D42 /* GMDLibrary.xcodeproj */;
			proxyType = 2;
			remoteGlobalIDString = 6D73357C19A7104E00A3552A;
			remoteInfo = GMDLibrary;
		};
		6D48AFDE19AB21DD00027D42 /* PBXContainerItemProxy */ = {
			isa = PBXContainerItemProxy;
			containerPortal = 6D48AFD719AB21DD00027D42 /* GMDLibrary.xcodeproj */;
			proxyType = 2;
			remoteGlobalIDString = 6D73358C19A7104E00A3552A;
			remoteInfo = GMDLibraryTests;
		};
		6D66CEA21964F57E00AF16F9 /* PBXContainerItemProxy */ = {
			isa = PBXContainerItemProxy;
			containerPortal = 6D66CE7A1964F57E00AF16F9 /* Project object */;
			proxyType = 1;
			remoteGlobalIDString = 6D66CE811964F57E00AF16F9;
			remoteInfo = test;
		};
/* End PBXContainerItemProxy section */

/* Begin PBXFileReference section */
		6D07801019A4709500B5BC11 /* MediaPlayer.framework */ = {isa = PBXFileReference; lastKnownFileType = wrapper.framework; name = MediaPlayer.framework; path = System/Library/Frameworks/MediaPlayer.framework; sourceTree = SDKROOT; };
		6D07801219A470B100B5BC11 /* libz.dylib */ = {isa = PBXFileReference; lastKnownFileType = "compiled.mach-o.dylib"; name = libz.dylib; path = usr/lib/libz.dylib; sourceTree = SDKROOT; };
		6D07801419A470BF00B5BC11 /* CoreLocation.framework */ = {isa = PBXFileReference; lastKnownFileType = wrapper.framework; name = CoreLocation.framework; path = System/Library/Frameworks/CoreLocation.framework; sourceTree = SDKROOT; };
		6D07801E19A47A8000B5BC11 /* libsqlite3.0.dylib */ = {isa = PBXFileReference; lastKnownFileType = "compiled.mach-o.dylib"; name = libsqlite3.0.dylib; path = usr/lib/libsqlite3.0.dylib; sourceTree = SDKROOT; };
		6D48AF4D19AA68C700027D42 /* AccountView.h */ = {isa = PBXFileReference; fileEncoding = 4; lastKnownFileType = sourcecode.c.h; path = AccountView.h; sourceTree = "<group>"; };
		6D48AF4E19AA68C700027D42 /* AccountView.m */ = {isa = PBXFileReference; fileEncoding = 4; lastKnownFileType = sourcecode.c.objc; path = AccountView.m; sourceTree = "<group>"; };
		6D48AFD719AB21DD00027D42 /* GMDLibrary.xcodeproj */ = {isa = PBXFileReference; lastKnownFileType = "wrapper.pb-project"; name = GMDLibrary.xcodeproj; path = Frameworks/GMDLibrary/GMDLibrary.xcodeproj; sourceTree = SOURCE_ROOT; };
		6D50E28B19A59B0800CB328E /* GMHudView.h */ = {isa = PBXFileReference; fileEncoding = 4; lastKnownFileType = sourcecode.c.h; path = GMHudView.h; sourceTree = "<group>"; };
		6D50E28C19A59B0800CB328E /* GMHudView.m */ = {isa = PBXFileReference; fileEncoding = 4; lastKnownFileType = sourcecode.c.objc; path = GMHudView.m; sourceTree = "<group>"; };
		6D50E28F19A5A29800CB328E /* GMHUDWindow.h */ = {isa = PBXFileReference; fileEncoding = 4; lastKnownFileType = sourcecode.c.h; path = GMHUDWindow.h; sourceTree = "<group>"; };
		6D50E29019A5A29800CB328E /* GMHUDWindow.m */ = {isa = PBXFileReference; fileEncoding = 4; lastKnownFileType = sourcecode.c.objc; path = GMHUDWindow.m; sourceTree = "<group>"; };
		6D50E29219A5A56B00CB328E /* GMHUDWindowViewController.h */ = {isa = PBXFileReference; fileEncoding = 4; lastKnownFileType = sourcecode.c.h; path = GMHUDWindowViewController.h; sourceTree = "<group>"; };
		6D50E29319A5A56B00CB328E /* GMHUDWindowViewController.m */ = {isa = PBXFileReference; fileEncoding = 4; lastKnownFileType = sourcecode.c.objc; path = GMHUDWindowViewController.m; sourceTree = "<group>"; };
		6D5C84BD19A1BA4D0052D1D9 /* GMWebView.h */ = {isa = PBXFileReference; fileEncoding = 4; lastKnownFileType = sourcecode.c.h; path = GMWebView.h; sourceTree = "<group>"; };
		6D5C84BE19A1BA4D0052D1D9 /* GMWebView.m */ = {isa = PBXFileReference; fileEncoding = 4; lastKnownFileType = sourcecode.c.objc; path = GMWebView.m; sourceTree = "<group>"; };
		6D5C84C219A1C8C80052D1D9 /* GMWebViewController.h */ = {isa = PBXFileReference; fileEncoding = 4; lastKnownFileType = sourcecode.c.h; path = GMWebViewController.h; sourceTree = "<group>"; };
		6D5C84C319A1C8C80052D1D9 /* GMWebViewController.m */ = {isa = PBXFileReference; fileEncoding = 4; lastKnownFileType = sourcecode.c.objc; path = GMWebViewController.m; sourceTree = "<group>"; };
		6D5C84C519A45AC30052D1D9 /* PhotoCell.h */ = {isa = PBXFileReference; fileEncoding = 4; lastKnownFileType = sourcecode.c.h; path = PhotoCell.h; sourceTree = "<group>"; };
		6D5C84C619A45AC30052D1D9 /* PhotoCell.m */ = {isa = PBXFileReference; fileEncoding = 4; lastKnownFileType = sourcecode.c.objc; path = PhotoCell.m; sourceTree = "<group>"; };
		6D5D7AC31992DA4200A72676 /* UIColor+HipsteriOSAdditions.h */ = {isa = PBXFileReference; fileEncoding = 4; lastKnownFileType = sourcecode.c.h; path = "UIColor+HipsteriOSAdditions.h"; sourceTree = "<group>"; };
		6D5D7AC41992DA4200A72676 /* UIColor+HipsteriOSAdditions.m */ = {isa = PBXFileReference; fileEncoding = 4; lastKnownFileType = sourcecode.c.objc; path = "UIColor+HipsteriOSAdditions.m"; sourceTree = "<group>"; };
		6D5D7AC61992DC5B00A72676 /* UIFont+HipsteriOSAdditions.h */ = {isa = PBXFileReference; fileEncoding = 4; lastKnownFileType = sourcecode.c.h; path = "UIFont+HipsteriOSAdditions.h"; sourceTree = "<group>"; };
		6D5D7AC71992DC5B00A72676 /* UIFont+HipsteriOSAdditions.m */ = {isa = PBXFileReference; fileEncoding = 4; lastKnownFileType = sourcecode.c.objc; path = "UIFont+HipsteriOSAdditions.m"; sourceTree = "<group>"; };
		6D5D7AC91992DE7B00A72676 /* UIButton+HipsteriOSAdditions.h */ = {isa = PBXFileReference; fileEncoding = 4; lastKnownFileType = sourcecode.c.h; path = "UIButton+HipsteriOSAdditions.h"; sourceTree = "<group>"; };
		6D5D7ACA1992DE7B00A72676 /* UIButton+HipsteriOSAdditions.m */ = {isa = PBXFileReference; fileEncoding = 4; lastKnownFileType = sourcecode.c.objc; path = "UIButton+HipsteriOSAdditions.m"; sourceTree = "<group>"; };
		6D5D7AD119932AFB00A72676 /* HSIDefines.h */ = {isa = PBXFileReference; fileEncoding = 4; lastKnownFileType = sourcecode.c.h; path = HSIDefines.h; sourceTree = "<group>"; };
		6D5D7AD219932AFB00A72676 /* HSIDefines.m */ = {isa = PBXFileReference; fileEncoding = 4; lastKnownFileType = sourcecode.c.objc; path = HSIDefines.m; sourceTree = "<group>"; };
		6D66CE821964F57E00AF16F9 /* Hipster.app */ = {isa = PBXFileReference; explicitFileType = wrapper.application; includeInIndex = 0; path = Hipster.app; sourceTree = BUILT_PRODUCTS_DIR; };
		6D66CE851964F57E00AF16F9 /* Foundation.framework */ = {isa = PBXFileReference; lastKnownFileType = wrapper.framework; name = Foundation.framework; path = System/Library/Frameworks/Foundation.framework; sourceTree = SDKROOT; };
		6D66CE871964F57E00AF16F9 /* CoreGraphics.framework */ = {isa = PBXFileReference; lastKnownFileType = wrapper.framework; name = CoreGraphics.framework; path = System/Library/Frameworks/CoreGraphics.framework; sourceTree = SDKROOT; };
		6D66CE891964F57E00AF16F9 /* UIKit.framework */ = {isa = PBXFileReference; lastKnownFileType = wrapper.framework; name = UIKit.framework; path = System/Library/Frameworks/UIKit.framework; sourceTree = SDKROOT; };
		6D66CE8D1964F57E00AF16F9 /* Hipster-Info.plist */ = {isa = PBXFileReference; lastKnownFileType = text.plist.xml; path = "Hipster-Info.plist"; sourceTree = "<group>"; };
		6D66CE8F1964F57E00AF16F9 /* en */ = {isa = PBXFileReference; lastKnownFileType = text.plist.strings; name = en; path = en.lproj/InfoPlist.strings; sourceTree = "<group>"; };
		6D66CE911964F57E00AF16F9 /* main.m */ = {isa = PBXFileReference; lastKnownFileType = sourcecode.c.objc; path = main.m; sourceTree = "<group>"; };
		6D66CE931964F57E00AF16F9 /* Hipster-Prefix.pch */ = {isa = PBXFileReference; lastKnownFileType = sourcecode.c.h; path = "Hipster-Prefix.pch"; sourceTree = "<group>"; };
		6D66CE941964F57E00AF16F9 /* AppDelegate.h */ = {isa = PBXFileReference; lastKnownFileType = sourcecode.c.h; path = AppDelegate.h; sourceTree = "<group>"; };
		6D66CE951964F57E00AF16F9 /* AppDelegate.m */ = {isa = PBXFileReference; lastKnownFileType = sourcecode.c.objc; path = AppDelegate.m; sourceTree = "<group>"; };
		6D66CE971964F57E00AF16F9 /* Images.xcassets */ = {isa = PBXFileReference; lastKnownFileType = folder.assetcatalog; path = Images.xcassets; sourceTree = "<group>"; };
		6D66CE9D1964F57E00AF16F9 /* HipsterTests.xctest */ = {isa = PBXFileReference; explicitFileType = wrapper.cfbundle; includeInIndex = 0; path = HipsterTests.xctest; sourceTree = BUILT_PRODUCTS_DIR; };
		6D66CE9E1964F57E00AF16F9 /* XCTest.framework */ = {isa = PBXFileReference; lastKnownFileType = wrapper.framework; name = XCTest.framework; path = Library/Frameworks/XCTest.framework; sourceTree = DEVELOPER_DIR; };
		6D66CEA61964F57E00AF16F9 /* HipsterTests-Info.plist */ = {isa = PBXFileReference; lastKnownFileType = text.plist.xml; path = "HipsterTests-Info.plist"; sourceTree = "<group>"; };
		6D66CEA81964F57E00AF16F9 /* en */ = {isa = PBXFileReference; lastKnownFileType = text.plist.strings; name = en; path = en.lproj/InfoPlist.strings; sourceTree = "<group>"; };
		6D66CEAA1964F57E00AF16F9 /* testTests.m */ = {isa = PBXFileReference; lastKnownFileType = sourcecode.c.objc; path = testTests.m; sourceTree = "<group>"; };
		6D66CEB81964F6A200AF16F9 /* splitViewController.h */ = {isa = PBXFileReference; fileEncoding = 4; lastKnownFileType = sourcecode.c.h; path = splitViewController.h; sourceTree = "<group>"; };
		6D66CEB91964F6A200AF16F9 /* splitViewController.m */ = {isa = PBXFileReference; fileEncoding = 4; lastKnownFileType = sourcecode.c.objc; path = splitViewController.m; sourceTree = "<group>"; };
		6D66CEBB1964F72200AF16F9 /* SignInViewController.h */ = {isa = PBXFileReference; fileEncoding = 4; lastKnownFileType = sourcecode.c.h; path = SignInViewController.h; sourceTree = "<group>"; };
		6D66CEBC1964F72200AF16F9 /* SignInViewController.m */ = {isa = PBXFileReference; fileEncoding = 4; lastKnownFileType = sourcecode.c.objc; path = SignInViewController.m; sourceTree = "<group>"; };
		6D66CEBE1964F97A00AF16F9 /* ListViewController.h */ = {isa = PBXFileReference; fileEncoding = 4; lastKnownFileType = sourcecode.c.h; path = ListViewController.h; sourceTree = "<group>"; };
		6D66CEBF1964F97A00AF16F9 /* ListViewController.m */ = {isa = PBXFileReference; fileEncoding = 4; lastKnownFileType = sourcecode.c.objc; path = ListViewController.m; sourceTree = "<group>"; };
		6D66CEC11964FB0B00AF16F9 /* CDKUser.h */ = {isa = PBXFileReference; fileEncoding = 4; lastKnownFileType = sourcecode.c.h; path = CDKUser.h; sourceTree = "<group>"; };
		6D66CEC21964FB0B00AF16F9 /* CDKUser.m */ = {isa = PBXFileReference; fileEncoding = 4; lastKnownFileType = sourcecode.c.objc; path = CDKUser.m; sourceTree = "<group>"; };
		6D7335CC19A719EE00A3552A /* Accounts.framework */ = {isa = PBXFileReference; lastKnownFileType = wrapper.framework; name = Accounts.framework; path = System/Library/Frameworks/Accounts.framework; sourceTree = SDKROOT; };
		6D7335CE19A71A0000A3552A /* Social.framework */ = {isa = PBXFileReference; lastKnownFileType = wrapper.framework; name = Social.framework; path = System/Library/Frameworks/Social.framework; sourceTree = SDKROOT; };
		6DA6809D19B41168002B04E3 /* DetailViewController.h */ = {isa = PBXFileReference; fileEncoding = 4; lastKnownFileType = sourcecode.c.h; path = DetailViewController.h; sourceTree = "<group>"; };
		6DA6809E19B41168002B04E3 /* DetailViewController.m */ = {isa = PBXFileReference; fileEncoding = 4; lastKnownFileType = sourcecode.c.objc; path = DetailViewController.m; sourceTree = "<group>"; };
		6DA680A219B41218002B04E3 /* DetailedView.h */ = {isa = PBXFileReference; fileEncoding = 4; lastKnownFileType = sourcecode.c.h; path = DetailedView.h; sourceTree = "<group>"; };
		6DA680A319B41218002B04E3 /* DetailedView.m */ = {isa = PBXFileReference; fileEncoding = 4; lastKnownFileType = sourcecode.c.objc; path = DetailedView.m; sourceTree = "<group>"; };
		6DA680A519B41752002B04E3 /* PhotoController.h */ = {isa = PBXFileReference; fileEncoding = 4; lastKnownFileType = sourcecode.c.h; path = PhotoController.h; sourceTree = "<group>"; };
		6DA680A619B41752002B04E3 /* PhotoController.m */ = {isa = PBXFileReference; fileEncoding = 4; lastKnownFileType = sourcecode.c.objc; path = PhotoController.m; sourceTree = "<group>"; };
		6DA680A819B42AF1002B04E3 /* PresentDetailTransition.h */ = {isa = PBXFileReference; fileEncoding = 4; lastKnownFileType = sourcecode.c.h; path = PresentDetailTransition.h; sourceTree = "<group>"; };
		6DA680A919B42AF1002B04E3 /* PresentDetailTransition.m */ = {isa = PBXFileReference; fileEncoding = 4; lastKnownFileType = sourcecode.c.objc; path = PresentDetailTransition.m; sourceTree = "<group>"; };
		6DA680AB19B42BE2002B04E3 /* DismissDetailTransition.h */ = {isa = PBXFileReference; fileEncoding = 4; lastKnownFileType = sourcecode.c.h; path = DismissDetailTransition.h; sourceTree = "<group>"; };
		6DA680AC19B42BE2002B04E3 /* DismissDetailTransition.m */ = {isa = PBXFileReference; fileEncoding = 4; lastKnownFileType = sourcecode.c.objc; path = DismissDetailTransition.m; sourceTree = "<group>"; };
		6DA9138B1998793B00DBCD77 /* Oswald-Bold.otf */ = {isa = PBXFileReference; lastKnownFileType = file; path = "Oswald-Bold.otf"; sourceTree = "<group>"; };
		6DA9138C1998793B00DBCD77 /* Oswald-Light.otf */ = {isa = PBXFileReference; lastKnownFileType = file; path = "Oswald-Light.otf"; sourceTree = "<group>"; };
		6DA9138D1998793B00DBCD77 /* Oswald-Regular.otf */ = {isa = PBXFileReference; lastKnownFileType = file; path = "Oswald-Regular.otf"; sourceTree = "<group>"; };
		6DA91395199C58B200DBCD77 /* SettingsViewController.h */ = {isa = PBXFileReference; fileEncoding = 4; lastKnownFileType = sourcecode.c.h; path = SettingsViewController.h; sourceTree = "<group>"; };
		6DA91396199C58B200DBCD77 /* SettingsViewController.m */ = {isa = PBXFileReference; fileEncoding = 4; lastKnownFileType = sourcecode.c.objc; path = SettingsViewController.m; sourceTree = "<group>"; };
		6DA9139B199DBD6300DBCD77 /* FeedViewController.h */ = {isa = PBXFileReference; fileEncoding = 4; lastKnownFileType = sourcecode.c.h; path = FeedViewController.h; sourceTree = "<group>"; };
		6DA9139C199DBD6300DBCD77 /* FeedViewController.m */ = {isa = PBXFileReference; fileEncoding = 4; lastKnownFileType = sourcecode.c.objc; path = FeedViewController.m; sourceTree = "<group>"; };
		6DA9139F199DD28100DBCD77 /* FeedCell.h */ = {isa = PBXFileReference; fileEncoding = 4; lastKnownFileType = sourcecode.c.h; path = FeedCell.h; sourceTree = "<group>"; };
		6DA913A0199DD28100DBCD77 /* FeedCell.m */ = {isa = PBXFileReference; fileEncoding = 4; lastKnownFileType = sourcecode.c.objc; path = FeedCell.m; sourceTree = "<group>"; };
		6DA913A219A0463000DBCD77 /* AccountViewController.h */ = {isa = PBXFileReference; fileEncoding = 4; lastKnownFileType = sourcecode.c.h; path = AccountViewController.h; sourceTree = "<group>"; };
		6DA913A319A0463000DBCD77 /* AccountViewController.m */ = {isa = PBXFileReference; fileEncoding = 4; lastKnownFileType = sourcecode.c.objc; path = AccountViewController.m; sourceTree = "<group>"; };
		6DB710D6198F0CE000955F7B /* ListTableViewController.h */ = {isa = PBXFileReference; fileEncoding = 4; lastKnownFileType = sourcecode.c.h; path = ListTableViewController.h; sourceTree = "<group>"; };
		6DB710D7198F0CE000955F7B /* ListTableViewController.m */ = {isa = PBXFileReference; fileEncoding = 4; lastKnownFileType = sourcecode.c.objc; path = ListTableViewController.m; sourceTree = "<group>"; };
		6DB710D9198F0CED00955F7B /* MainViewController.h */ = {isa = PBXFileReference; fileEncoding = 4; lastKnownFileType = sourcecode.c.h; path = MainViewController.h; sourceTree = "<group>"; };
		6DB710DA198F0CED00955F7B /* MainViewController.m */ = {isa = PBXFileReference; fileEncoding = 4; lastKnownFileType = sourcecode.c.objc; path = MainViewController.m; sourceTree = "<group>"; };
		6DB710FD19904CE200955F7B /* AudioToolbox.framework */ = {isa = PBXFileReference; lastKnownFileType = wrapper.framework; name = AudioToolbox.framework; path = System/Library/Frameworks/AudioToolbox.framework; sourceTree = SDKROOT; };
		6DB710FF19904CEE00955F7B /* StoreKit.framework */ = {isa = PBXFileReference; lastKnownFileType = wrapper.framework; name = StoreKit.framework; path = System/Library/Frameworks/StoreKit.framework; sourceTree = SDKROOT; };
		6DB7110119904CF700955F7B /* MessageUI.framework */ = {isa = PBXFileReference; lastKnownFileType = wrapper.framework; name = MessageUI.framework; path = System/Library/Frameworks/MessageUI.framework; sourceTree = SDKROOT; };
		6DB7110319904D0200955F7B /* CFNetwork.framework */ = {isa = PBXFileReference; lastKnownFileType = wrapper.framework; name = CFNetwork.framework; path = System/Library/Frameworks/CFNetwork.framework; sourceTree = SDKROOT; };
		6DB7110519904D0B00955F7B /* CoreText.framework */ = {isa = PBXFileReference; lastKnownFileType = wrapper.framework; name = CoreText.framework; path = System/Library/Frameworks/CoreText.framework; sourceTree = SDKROOT; };
		6DB7110719904D1400955F7B /* MobileCoreServices.framework */ = {isa = PBXFileReference; lastKnownFileType = wrapper.framework; name = MobileCoreServices.framework; path = System/Library/Frameworks/MobileCoreServices.framework; sourceTree = SDKROOT; };
		6DB7110919904D1E00955F7B /* QuartzCore.framework */ = {isa = PBXFileReference; lastKnownFileType = wrapper.framework; name = QuartzCore.framework; path = System/Library/Frameworks/QuartzCore.framework; sourceTree = SDKROOT; };
		6DB7110B19904D2500955F7B /* Security.framework */ = {isa = PBXFileReference; lastKnownFileType = wrapper.framework; name = Security.framework; path = System/Library/Frameworks/Security.framework; sourceTree = SDKROOT; };
		6DB7110D19904D3000955F7B /* SystemConfiguration.framework */ = {isa = PBXFileReference; lastKnownFileType = wrapper.framework; name = SystemConfiguration.framework; path = System/Library/Frameworks/SystemConfiguration.framework; sourceTree = SDKROOT; };
		6DB7110F19904D3C00955F7B /* CoreData.framework */ = {isa = PBXFileReference; lastKnownFileType = wrapper.framework; name = CoreData.framework; path = System/Library/Frameworks/CoreData.framework; sourceTree = SDKROOT; };
		6DB711161991DF3C00955F7B /* TableViewCellDelegateConfirmationConrol.h */ = {isa = PBXFileReference; fileEncoding = 4; lastKnownFileType = sourcecode.c.h; path = TableViewCellDelegateConfirmationConrol.h; sourceTree = "<group>"; };
		6DB711171991DF3C00955F7B /* TableViewCellDelegateConfirmationConrol.m */ = {isa = PBXFileReference; fileEncoding = 4; lastKnownFileType = sourcecode.c.objc; path = TableViewCellDelegateConfirmationConrol.m; sourceTree = "<group>"; };
		6DD1F34A19B4CCE8002A4C16 /* AFHTTPRequestOperation.h */ = {isa = PBXFileReference; fileEncoding = 4; lastKnownFileType = sourcecode.c.h; name = AFHTTPRequestOperation.h; path = Vendor/AFNetworking/AFHTTPRequestOperation.h; sourceTree = "<group>"; };
		6DD1F34B19B4CCE8002A4C16 /* AFHTTPRequestOperation.m */ = {isa = PBXFileReference; fileEncoding = 4; lastKnownFileType = sourcecode.c.objc; name = AFHTTPRequestOperation.m; path = Vendor/AFNetworking/AFHTTPRequestOperation.m; sourceTree = "<group>"; };
		6DD1F34C19B4CCE8002A4C16 /* AFHTTPRequestOperationManager.h */ = {isa = PBXFileReference; fileEncoding = 4; lastKnownFileType = sourcecode.c.h; name = AFHTTPRequestOperationManager.h; path = Vendor/AFNetworking/AFHTTPRequestOperationManager.h; sourceTree = "<group>"; };
		6DD1F34D19B4CCE8002A4C16 /* AFHTTPRequestOperationManager.m */ = {isa = PBXFileReference; fileEncoding = 4; lastKnownFileType = sourcecode.c.objc; name = AFHTTPRequestOperationManager.m; path = Vendor/AFNetworking/AFHTTPRequestOperationManager.m; sourceTree = "<group>"; };
		6DD1F34E19B4CCE8002A4C16 /* AFHTTPSessionManager.h */ = {isa = PBXFileReference; fileEncoding = 4; lastKnownFileType = sourcecode.c.h; name = AFHTTPSessionManager.h; path = Vendor/AFNetworking/AFHTTPSessionManager.h; sourceTree = "<group>"; };
		6DD1F34F19B4CCE8002A4C16 /* AFHTTPSessionManager.m */ = {isa = PBXFileReference; fileEncoding = 4; lastKnownFileType = sourcecode.c.objc; name = AFHTTPSessionManager.m; path = Vendor/AFNetworking/AFHTTPSessionManager.m; sourceTree = "<group>"; };
		6DD1F35019B4CCE8002A4C16 /* AFNetworkActivityIndicatorManager.h */ = {isa = PBXFileReference; fileEncoding = 4; lastKnownFileType = sourcecode.c.h; name = AFNetworkActivityIndicatorManager.h; path = Vendor/AFNetworking/AFNetworkActivityIndicatorManager.h; sourceTree = "<group>"; };
		6DD1F35119B4CCE8002A4C16 /* AFNetworkActivityIndicatorManager.m */ = {isa = PBXFileReference; fileEncoding = 4; lastKnownFileType = sourcecode.c.objc; name = AFNetworkActivityIndicatorManager.m; path = Vendor/AFNetworking/AFNetworkActivityIndicatorManager.m; sourceTree = "<group>"; };
		6DD1F35219B4CCE8002A4C16 /* AFNetworking.h */ = {isa = PBXFileReference; fileEncoding = 4; lastKnownFileType = sourcecode.c.h; name = AFNetworking.h; path = Vendor/AFNetworking/AFNetworking.h; sourceTree = "<group>"; };
		6DD1F35319B4CCE8002A4C16 /* AFNetworkReachabilityManager.h */ = {isa = PBXFileReference; fileEncoding = 4; lastKnownFileType = sourcecode.c.h; name = AFNetworkReachabilityManager.h; path = Vendor/AFNetworking/AFNetworkReachabilityManager.h; sourceTree = "<group>"; };
		6DD1F35419B4CCE8002A4C16 /* AFNetworkReachabilityManager.m */ = {isa = PBXFileReference; fileEncoding = 4; lastKnownFileType = sourcecode.c.objc; name = AFNetworkReachabilityManager.m; path = Vendor/AFNetworking/AFNetworkReachabilityManager.m; sourceTree = "<group>"; };
		6DD1F35519B4CCE8002A4C16 /* AFSecurityPolicy.h */ = {isa = PBXFileReference; fileEncoding = 4; lastKnownFileType = sourcecode.c.h; name = AFSecurityPolicy.h; path = Vendor/AFNetworking/AFSecurityPolicy.h; sourceTree = "<group>"; };
		6DD1F35619B4CCE8002A4C16 /* AFSecurityPolicy.m */ = {isa = PBXFileReference; fileEncoding = 4; lastKnownFileType = sourcecode.c.objc; name = AFSecurityPolicy.m; path = Vendor/AFNetworking/AFSecurityPolicy.m; sourceTree = "<group>"; };
		6DD1F35719B4CCE8002A4C16 /* AFURLConnectionOperation.h */ = {isa = PBXFileReference; fileEncoding = 4; lastKnownFileType = sourcecode.c.h; name = AFURLConnectionOperation.h; path = Vendor/AFNetworking/AFURLConnectionOperation.h; sourceTree = "<group>"; };
		6DD1F35819B4CCE8002A4C16 /* AFURLConnectionOperation.m */ = {isa = PBXFileReference; fileEncoding = 4; lastKnownFileType = sourcecode.c.objc; name = AFURLConnectionOperation.m; path = Vendor/AFNetworking/AFURLConnectionOperation.m; sourceTree = "<group>"; };
		6DD1F35919B4CCE8002A4C16 /* AFURLRequestSerialization.h */ = {isa = PBXFileReference; fileEncoding = 4; lastKnownFileType = sourcecode.c.h; name = AFURLRequestSerialization.h; path = Vendor/AFNetworking/AFURLRequestSerialization.h; sourceTree = "<group>"; };
		6DD1F35A19B4CCE8002A4C16 /* AFURLRequestSerialization.m */ = {isa = PBXFileReference; fileEncoding = 4; lastKnownFileType = sourcecode.c.objc; name = AFURLRequestSerialization.m; path = Vendor/AFNetworking/AFURLRequestSerialization.m; sourceTree = "<group>"; };
		6DD1F35B19B4CCE8002A4C16 /* AFURLResponseSerialization.h */ = {isa = PBXFileReference; fileEncoding = 4; lastKnownFileType = sourcecode.c.h; name = AFURLResponseSerialization.h; path = Vendor/AFNetworking/AFURLResponseSerialization.h; sourceTree = "<group>"; };
		6DD1F35C19B4CCE8002A4C16 /* AFURLResponseSerialization.m */ = {isa = PBXFileReference; fileEncoding = 4; lastKnownFileType = sourcecode.c.objc; name = AFURLResponseSerialization.m; path = Vendor/AFNetworking/AFURLResponseSerialization.m; sourceTree = "<group>"; };
		6DD1F35D19B4CCE8002A4C16 /* AFURLSessionManager.h */ = {isa = PBXFileReference; fileEncoding = 4; lastKnownFileType = sourcecode.c.h; name = AFURLSessionManager.h; path = Vendor/AFNetworking/AFURLSessionManager.h; sourceTree = "<group>"; };
		6DD1F35E19B4CCE8002A4C16 /* AFURLSessionManager.m */ = {isa = PBXFileReference; fileEncoding = 4; lastKnownFileType = sourcecode.c.objc; name = AFURLSessionManager.m; path = Vendor/AFNetworking/AFURLSessionManager.m; sourceTree = "<group>"; };
		6DD1F35F19B4CCE8002A4C16 /* UIActivityIndicatorView+AFNetworking.h */ = {isa = PBXFileReference; fileEncoding = 4; lastKnownFileType = sourcecode.c.h; name = "UIActivityIndicatorView+AFNetworking.h"; path = "Vendor/AFNetworking/UIActivityIndicatorView+AFNetworking.h"; sourceTree = "<group>"; };
		6DD1F36019B4CCE8002A4C16 /* UIActivityIndicatorView+AFNetworking.m */ = {isa = PBXFileReference; fileEncoding = 4; lastKnownFileType = sourcecode.c.objc; name = "UIActivityIndicatorView+AFNetworking.m"; path = "Vendor/AFNetworking/UIActivityIndicatorView+AFNetworking.m"; sourceTree = "<group>"; };
		6DD1F36119B4CCE8002A4C16 /* UIAlertView+AFNetworking.h */ = {isa = PBXFileReference; fileEncoding = 4; lastKnownFileType = sourcecode.c.h; name = "UIAlertView+AFNetworking.h"; path = "Vendor/AFNetworking/UIAlertView+AFNetworking.h"; sourceTree = "<group>"; };
		6DD1F36219B4CCE8002A4C16 /* UIAlertView+AFNetworking.m */ = {isa = PBXFileReference; fileEncoding = 4; lastKnownFileType = sourcecode.c.objc; name = "UIAlertView+AFNetworking.m"; path = "Vendor/AFNetworking/UIAlertView+AFNetworking.m"; sourceTree = "<group>"; };
		6DD1F36319B4CCE8002A4C16 /* UIButton+AFNetworking.h */ = {isa = PBXFileReference; fileEncoding = 4; lastKnownFileType = sourcecode.c.h; name = "UIButton+AFNetworking.h"; path = "Vendor/AFNetworking/UIButton+AFNetworking.h"; sourceTree = "<group>"; };
		6DD1F36419B4CCE8002A4C16 /* UIButton+AFNetworking.m */ = {isa = PBXFileReference; fileEncoding = 4; lastKnownFileType = sourcecode.c.objc; name = "UIButton+AFNetworking.m"; path = "Vendor/AFNetworking/UIButton+AFNetworking.m"; sourceTree = "<group>"; };
		6DD1F36519B4CCE8002A4C16 /* UIImageView+AFNetworking.h */ = {isa = PBXFileReference; fileEncoding = 4; lastKnownFileType = sourcecode.c.h; name = "UIImageView+AFNetworking.h"; path = "Vendor/AFNetworking/UIImageView+AFNetworking.h"; sourceTree = "<group>"; };
		6DD1F36619B4CCE8002A4C16 /* UIImageView+AFNetworking.m */ = {isa = PBXFileReference; fileEncoding = 4; lastKnownFileType = sourcecode.c.objc; name = "UIImageView+AFNetworking.m"; path = "Vendor/AFNetworking/UIImageView+AFNetworking.m"; sourceTree = "<group>"; };
		6DD1F36719B4CCE8002A4C16 /* UIKit+AFNetworking.h */ = {isa = PBXFileReference; fileEncoding = 4; lastKnownFileType = sourcecode.c.h; name = "UIKit+AFNetworking.h"; path = "Vendor/AFNetworking/UIKit+AFNetworking.h"; sourceTree = "<group>"; };
		6DD1F36819B4CCE8002A4C16 /* UIProgressView+AFNetworking.h */ = {isa = PBXFileReference; fileEncoding = 4; lastKnownFileType = sourcecode.c.h; name = "UIProgressView+AFNetworking.h"; path = "Vendor/AFNetworking/UIProgressView+AFNetworking.h"; sourceTree = "<group>"; };
		6DD1F36919B4CCE8002A4C16 /* UIProgressView+AFNetworking.m */ = {isa = PBXFileReference; fileEncoding = 4; lastKnownFileType = sourcecode.c.objc; name = "UIProgressView+AFNetworking.m"; path = "Vendor/AFNetworking/UIProgressView+AFNetworking.m"; sourceTree = "<group>"; };
		6DD1F36A19B4CCE8002A4C16 /* UIRefreshControl+AFNetworking.h */ = {isa = PBXFileReference; fileEncoding = 4; lastKnownFileType = sourcecode.c.h; name = "UIRefreshControl+AFNetworking.h"; path = "Vendor/AFNetworking/UIRefreshControl+AFNetworking.h"; sourceTree = "<group>"; };
		6DD1F36B19B4CCE8002A4C16 /* UIRefreshControl+AFNetworking.m */ = {isa = PBXFileReference; fileEncoding = 4; lastKnownFileType = sourcecode.c.objc; name = "UIRefreshControl+AFNetworking.m"; path = "Vendor/AFNetworking/UIRefreshControl+AFNetworking.m"; sourceTree = "<group>"; };
		6DD1F36C19B4CCE8002A4C16 /* UIWebView+AFNetworking.h */ = {isa = PBXFileReference; fileEncoding = 4; lastKnownFileType = sourcecode.c.h; name = "UIWebView+AFNetworking.h"; path = "Vendor/AFNetworking/UIWebView+AFNetworking.h"; sourceTree = "<group>"; };
		6DD1F36D19B4CCE8002A4C16 /* UIWebView+AFNetworking.m */ = {isa = PBXFileReference; fileEncoding = 4; lastKnownFileType = sourcecode.c.objc; name = "UIWebView+AFNetworking.m"; path = "Vendor/AFNetworking/UIWebView+AFNetworking.m"; sourceTree = "<group>"; };
		6DF424F219AB2C8B00E00609 /* Parse.framework */ = {isa = PBXFileReference; lastKnownFileType = wrapper.framework; path = Parse.framework; sourceTree = "<group>"; };
/* End PBXFileReference section */

/* Begin PBXFrameworksBuildPhase section */
		6D66CE7F1964F57E00AF16F9 /* Frameworks */ = {
			isa = PBXFrameworksBuildPhase;
			buildActionMask = 2147483647;
			files = (
				6D7335CD19A719EE00A3552A /* Accounts.framework in Frameworks */,
				6D07801F19A47A8000B5BC11 /* libsqlite3.0.dylib in Frameworks */,
				6D07801519A470BF00B5BC11 /* CoreLocation.framework in Frameworks */,
				6D07801319A470B100B5BC11 /* libz.dylib in Frameworks */,
				6D07801119A4709500B5BC11 /* MediaPlayer.framework in Frameworks */,
				6DB7111019904D3C00955F7B /* CoreData.framework in Frameworks */,
				6DB7110E19904D3000955F7B /* SystemConfiguration.framework in Frameworks */,
				6DB7110C19904D2500955F7B /* Security.framework in Frameworks */,
				6DF424F319AB2C8B00E00609 /* Parse.framework in Frameworks */,
				6DB7110A19904D1E00955F7B /* QuartzCore.framework in Frameworks */,
				6DB7110819904D1400955F7B /* MobileCoreServices.framework in Frameworks */,
				6DB7110619904D0B00955F7B /* CoreText.framework in Frameworks */,
				6DB7110419904D0200955F7B /* CFNetwork.framework in Frameworks */,
				6DB7110219904CF700955F7B /* MessageUI.framework in Frameworks */,
				6DB7110019904CEE00955F7B /* StoreKit.framework in Frameworks */,
				6DB710FE19904CE200955F7B /* AudioToolbox.framework in Frameworks */,
				6D66CE881964F57E00AF16F9 /* CoreGraphics.framework in Frameworks */,
				6D66CE8A1964F57E00AF16F9 /* UIKit.framework in Frameworks */,
				6D66CE861964F57E00AF16F9 /* Foundation.framework in Frameworks */,
			);
			runOnlyForDeploymentPostprocessing = 0;
		};
		6D66CE9A1964F57E00AF16F9 /* Frameworks */ = {
			isa = PBXFrameworksBuildPhase;
			buildActionMask = 2147483647;
			files = (
				6D66CE9F1964F57E00AF16F9 /* XCTest.framework in Frameworks */,
				6D66CEA11964F57E00AF16F9 /* UIKit.framework in Frameworks */,
				6D66CEA01964F57E00AF16F9 /* Foundation.framework in Frameworks */,
			);
			runOnlyForDeploymentPostprocessing = 0;
		};
/* End PBXFrameworksBuildPhase section */

/* Begin PBXGroup section */
		6D48AF4B19AA688400027D42 /* View Controllers */ = {
			isa = PBXGroup;
			children = (
				6DA91395199C58B200DBCD77 /* SettingsViewController.h */,
				6DA91396199C58B200DBCD77 /* SettingsViewController.m */,
				6DA9139B199DBD6300DBCD77 /* FeedViewController.h */,
				6DA9139C199DBD6300DBCD77 /* FeedViewController.m */,
				6DA913A219A0463000DBCD77 /* AccountViewController.h */,
				6DA913A319A0463000DBCD77 /* AccountViewController.m */,
				6DA6809D19B41168002B04E3 /* DetailViewController.h */,
				6DA6809E19B41168002B04E3 /* DetailViewController.m */,
			);
			name = "View Controllers";
			sourceTree = "<group>";
		};
		6D48AFD819AB21DD00027D42 /* Products */ = {
			isa = PBXGroup;
			children = (
				6D48AFDD19AB21DD00027D42 /* libGMDLibrary.a */,
				6D48AFDF19AB21DD00027D42 /* GMDLibraryTests.xctest */,
			);
			name = Products;
			sourceTree = "<group>";
		};
		6D50E28E19A5A27C00CB328E /* HUD */ = {
			isa = PBXGroup;
			children = (
				6D50E28F19A5A29800CB328E /* GMHUDWindow.h */,
				6D50E29019A5A29800CB328E /* GMHUDWindow.m */,
				6D50E29219A5A56B00CB328E /* GMHUDWindowViewController.h */,
				6D50E29319A5A56B00CB328E /* GMHUDWindowViewController.m */,
			);
			name = HUD;
			sourceTree = "<group>";
		};
		6D5C84C119A1C8A60052D1D9 /* Web */ = {
			isa = PBXGroup;
			children = (
				6D5C84C219A1C8C80052D1D9 /* GMWebViewController.h */,
				6D5C84C319A1C8C80052D1D9 /* GMWebViewController.m */,
			);
			name = Web;
			sourceTree = "<group>";
		};
		6D5D7AC21992D9B600A72676 /* Categories */ = {
			isa = PBXGroup;
			children = (
				6D5D7AC31992DA4200A72676 /* UIColor+HipsteriOSAdditions.h */,
				6D5D7AC41992DA4200A72676 /* UIColor+HipsteriOSAdditions.m */,
				6D5D7AC61992DC5B00A72676 /* UIFont+HipsteriOSAdditions.h */,
				6D5D7AC71992DC5B00A72676 /* UIFont+HipsteriOSAdditions.m */,
				6D5D7AC91992DE7B00A72676 /* UIButton+HipsteriOSAdditions.h */,
				6D5D7ACA1992DE7B00A72676 /* UIButton+HipsteriOSAdditions.m */,
			);
			name = Categories;
			sourceTree = "<group>";
		};
		6D5D7ACF1993255600A72676 /* Abstract */ = {
			isa = PBXGroup;
			children = (
				6D5C84BD19A1BA4D0052D1D9 /* GMWebView.h */,
				6D5C84BE19A1BA4D0052D1D9 /* GMWebView.m */,
				6D50E28B19A59B0800CB328E /* GMHudView.h */,
				6D50E28C19A59B0800CB328E /* GMHudView.m */,
				6DA680A519B41752002B04E3 /* PhotoController.h */,
				6DA680A619B41752002B04E3 /* PhotoController.m */,
				6DA680A819B42AF1002B04E3 /* PresentDetailTransition.h */,
				6DA680A919B42AF1002B04E3 /* PresentDetailTransition.m */,
				6DA680AB19B42BE2002B04E3 /* DismissDetailTransition.h */,
				6DA680AC19B42BE2002B04E3 /* DismissDetailTransition.m */,
			);
			name = Abstract;
			sourceTree = "<group>";
		};
		6D5D7AD019932AC800A72676 /* Other Sources */ = {
			isa = PBXGroup;
			children = (
				6D5D7AD119932AFB00A72676 /* HSIDefines.h */,
				6D5D7AD219932AFB00A72676 /* HSIDefines.m */,
			);
			name = "Other Sources";
			sourceTree = "<group>";
		};
		6D5D7AD419933E5000A72676 /* Lists */ = {
			isa = PBXGroup;
			children = (
				6D66CEBE1964F97A00AF16F9 /* ListViewController.h */,
				6D66CEBF1964F97A00AF16F9 /* ListViewController.m */,
			);
			name = Lists;
			sourceTree = "<group>";
		};
		6D66CE791964F57E00AF16F9 = {
			isa = PBXGroup;
			children = (
				6D66CE8B1964F57E00AF16F9 /* test */,
				6D66CE8C1964F57E00AF16F9 /* Supporting Files */,
				6D66CE841964F57E00AF16F9 /* Frameworks */,
				6D66CE831964F57E00AF16F9 /* Products */,
			);
			sourceTree = "<group>";
		};
		6D66CE831964F57E00AF16F9 /* Products */ = {
			isa = PBXGroup;
			children = (
				6D66CE821964F57E00AF16F9 /* Hipster.app */,
				6D66CE9D1964F57E00AF16F9 /* HipsterTests.xctest */,
			);
			name = Products;
			sourceTree = "<group>";
		};
		6D66CE841964F57E00AF16F9 /* Frameworks */ = {
			isa = PBXGroup;
			children = (
				6DF424F219AB2C8B00E00609 /* Parse.framework */,
				6D48AFD719AB21DD00027D42 /* GMDLibrary.xcodeproj */,
				6D7335CE19A71A0000A3552A /* Social.framework */,
				6D7335CC19A719EE00A3552A /* Accounts.framework */,
				6D07801E19A47A8000B5BC11 /* libsqlite3.0.dylib */,
				6D07801419A470BF00B5BC11 /* CoreLocation.framework */,
				6D07801219A470B100B5BC11 /* libz.dylib */,
				6D07801019A4709500B5BC11 /* MediaPlayer.framework */,
				6DB7110F19904D3C00955F7B /* CoreData.framework */,
				6DB7110D19904D3000955F7B /* SystemConfiguration.framework */,
				6DB7110B19904D2500955F7B /* Security.framework */,
				6DB7110919904D1E00955F7B /* QuartzCore.framework */,
				6DB7110719904D1400955F7B /* MobileCoreServices.framework */,
				6DB7110519904D0B00955F7B /* CoreText.framework */,
				6DB7110319904D0200955F7B /* CFNetwork.framework */,
				6DB7110119904CF700955F7B /* MessageUI.framework */,
				6DB710FF19904CEE00955F7B /* StoreKit.framework */,
				6DB710FD19904CE200955F7B /* AudioToolbox.framework */,
				6D66CE851964F57E00AF16F9 /* Foundation.framework */,
				6D66CE871964F57E00AF16F9 /* CoreGraphics.framework */,
				6D66CE891964F57E00AF16F9 /* UIKit.framework */,
				6D66CE9E1964F57E00AF16F9 /* XCTest.framework */,
			);
			name = Frameworks;
			sourceTree = "<group>";
		};
		6D66CE8B1964F57E00AF16F9 /* test */ = {
			isa = PBXGroup;
			children = (
				6D48AF4B19AA688400027D42 /* View Controllers */,
				6D73352219A705A400A3552A /* Library */,
				6D5C84C119A1C8A60052D1D9 /* Web */,
				6DA9139E199DD26C00DBCD77 /* Cell */,
				6D5D7AD419933E5000A72676 /* Lists */,
				6D5D7ACF1993255600A72676 /* Abstract */,
				6D5D7AC21992D9B600A72676 /* Categories */,
				6DB711151991DF1900955F7B /* Views */,
				6DB71113199089F400955F7B /* Delegate */,
				6DB71111199089D400955F7B /* Sign In */,
				6DB71112199089E000955F7B /* splitViewController */,
				6DB7111419908A0900955F7B /* Vendor */,
				6D66CE971964F57E00AF16F9 /* Images.xcassets */,
			);
			path = test;
			sourceTree = "<group>";
		};
		6D66CE8C1964F57E00AF16F9 /* Supporting Files */ = {
			isa = PBXGroup;
			children = (
				6D5D7AD019932AC800A72676 /* Other Sources */,
				6D66CEA41964F57E00AF16F9 /* testTests */,
				6D66CE8D1964F57E00AF16F9 /* Hipster-Info.plist */,
				6D66CE8E1964F57E00AF16F9 /* InfoPlist.strings */,
				6D66CE911964F57E00AF16F9 /* main.m */,
				6D66CE931964F57E00AF16F9 /* Hipster-Prefix.pch */,
			);
			name = "Supporting Files";
			path = test;
			sourceTree = "<group>";
		};
		6D66CEA41964F57E00AF16F9 /* testTests */ = {
			isa = PBXGroup;
			children = (
				6D66CEAA1964F57E00AF16F9 /* testTests.m */,
				6D66CEA51964F57E00AF16F9 /* Supporting Files */,
			);
			path = testTests;
			sourceTree = SOURCE_ROOT;
		};
		6D66CEA51964F57E00AF16F9 /* Supporting Files */ = {
			isa = PBXGroup;
			children = (
				6D66CEA61964F57E00AF16F9 /* HipsterTests-Info.plist */,
				6D66CEA71964F57E00AF16F9 /* InfoPlist.strings */,
			);
			name = "Supporting Files";
			sourceTree = "<group>";
		};
		6D73352219A705A400A3552A /* Library */ = {
			isa = PBXGroup;
			children = (
			);
			name = Library;
			sourceTree = "<group>";
		};
		6DA9138A1998791900DBCD77 /* Fonts */ = {
			isa = PBXGroup;
			children = (
				6DA9138B1998793B00DBCD77 /* Oswald-Bold.otf */,
				6DA9138C1998793B00DBCD77 /* Oswald-Light.otf */,
				6DA9138D1998793B00DBCD77 /* Oswald-Regular.otf */,
			);
			name = Fonts;
			sourceTree = "<group>";
		};
		6DA9139E199DD26C00DBCD77 /* Cell */ = {
			isa = PBXGroup;
			children = (
				6DA9139F199DD28100DBCD77 /* FeedCell.h */,
				6DA913A0199DD28100DBCD77 /* FeedCell.m */,
				6D5C84C519A45AC30052D1D9 /* PhotoCell.h */,
				6D5C84C619A45AC30052D1D9 /* PhotoCell.m */,
			);
			name = Cell;
			sourceTree = "<group>";
		};
		6DB710FC19904C5200955F7B /* AFNetworking */ = {
			isa = PBXGroup;
			children = (
				6DD1F34A19B4CCE8002A4C16 /* AFHTTPRequestOperation.h */,
				6DD1F34B19B4CCE8002A4C16 /* AFHTTPRequestOperation.m */,
				6DD1F34C19B4CCE8002A4C16 /* AFHTTPRequestOperationManager.h */,
				6DD1F34D19B4CCE8002A4C16 /* AFHTTPRequestOperationManager.m */,
				6DD1F34E19B4CCE8002A4C16 /* AFHTTPSessionManager.h */,
				6DD1F34F19B4CCE8002A4C16 /* AFHTTPSessionManager.m */,
				6DD1F35019B4CCE8002A4C16 /* AFNetworkActivityIndicatorManager.h */,
				6DD1F35119B4CCE8002A4C16 /* AFNetworkActivityIndicatorManager.m */,
				6DD1F35219B4CCE8002A4C16 /* AFNetworking.h */,
				6DD1F35319B4CCE8002A4C16 /* AFNetworkReachabilityManager.h */,
				6DD1F35419B4CCE8002A4C16 /* AFNetworkReachabilityManager.m */,
				6DD1F35519B4CCE8002A4C16 /* AFSecurityPolicy.h */,
				6DD1F35619B4CCE8002A4C16 /* AFSecurityPolicy.m */,
				6DD1F35719B4CCE8002A4C16 /* AFURLConnectionOperation.h */,
				6DD1F35819B4CCE8002A4C16 /* AFURLConnectionOperation.m */,
				6DD1F35919B4CCE8002A4C16 /* AFURLRequestSerialization.h */,
				6DD1F35A19B4CCE8002A4C16 /* AFURLRequestSerialization.m */,
				6DD1F35B19B4CCE8002A4C16 /* AFURLResponseSerialization.h */,
				6DD1F35C19B4CCE8002A4C16 /* AFURLResponseSerialization.m */,
				6DD1F35D19B4CCE8002A4C16 /* AFURLSessionManager.h */,
				6DD1F35E19B4CCE8002A4C16 /* AFURLSessionManager.m */,
				6DD1F35F19B4CCE8002A4C16 /* UIActivityIndicatorView+AFNetworking.h */,
				6DD1F36019B4CCE8002A4C16 /* UIActivityIndicatorView+AFNetworking.m */,
				6DD1F36119B4CCE8002A4C16 /* UIAlertView+AFNetworking.h */,
				6DD1F36219B4CCE8002A4C16 /* UIAlertView+AFNetworking.m */,
				6DD1F36319B4CCE8002A4C16 /* UIButton+AFNetworking.h */,
				6DD1F36419B4CCE8002A4C16 /* UIButton+AFNetworking.m */,
				6DD1F36519B4CCE8002A4C16 /* UIImageView+AFNetworking.h */,
				6DD1F36619B4CCE8002A4C16 /* UIImageView+AFNetworking.m */,
				6DD1F36719B4CCE8002A4C16 /* UIKit+AFNetworking.h */,
				6DD1F36819B4CCE8002A4C16 /* UIProgressView+AFNetworking.h */,
				6DD1F36919B4CCE8002A4C16 /* UIProgressView+AFNetworking.m */,
				6DD1F36A19B4CCE8002A4C16 /* UIRefreshControl+AFNetworking.h */,
				6DD1F36B19B4CCE8002A4C16 /* UIRefreshControl+AFNetworking.m */,
				6DD1F36C19B4CCE8002A4C16 /* UIWebView+AFNetworking.h */,
				6DD1F36D19B4CCE8002A4C16 /* UIWebView+AFNetworking.m */,
			);
			name = AFNetworking;
			path = ..;
			sourceTree = "<group>";
		};
		6DB71111199089D400955F7B /* Sign In */ = {
			isa = PBXGroup;
			children = (
				6D66CEBB1964F72200AF16F9 /* SignInViewController.h */,
				6D66CEBC1964F72200AF16F9 /* SignInViewController.m */,
			);
			name = "Sign In";
			sourceTree = "<group>";
		};
		6DB71112199089E000955F7B /* splitViewController */ = {
			isa = PBXGroup;
			children = (
				6D66CEB81964F6A200AF16F9 /* splitViewController.h */,
				6D66CEB91964F6A200AF16F9 /* splitViewController.m */,
				6DB710D6198F0CE000955F7B /* ListTableViewController.h */,
				6DB710D7198F0CE000955F7B /* ListTableViewController.m */,
				6DB710D9198F0CED00955F7B /* MainViewController.h */,
				6DB710DA198F0CED00955F7B /* MainViewController.m */,
			);
			name = splitViewController;
			sourceTree = "<group>";
		};
		6DB71113199089F400955F7B /* Delegate */ = {
			isa = PBXGroup;
			children = (
				6DB711161991DF3C00955F7B /* TableViewCellDelegateConfirmationConrol.h */,
				6DB711171991DF3C00955F7B /* TableViewCellDelegateConfirmationConrol.m */,
				6D66CEC11964FB0B00AF16F9 /* CDKUser.h */,
				6D66CEC21964FB0B00AF16F9 /* CDKUser.m */,
				6D66CE941964F57E00AF16F9 /* AppDelegate.h */,
				6D66CE951964F57E00AF16F9 /* AppDelegate.m */,
			);
			name = Delegate;
			sourceTree = "<group>";
		};
		6DB7111419908A0900955F7B /* Vendor */ = {
			isa = PBXGroup;
			children = (
				6D50E28E19A5A27C00CB328E /* HUD */,
				6DA9138A1998791900DBCD77 /* Fonts */,
				6DB710FC19904C5200955F7B /* AFNetworking */,
			);
			name = Vendor;
			sourceTree = "<group>";
		};
		6DB711151991DF1900955F7B /* Views */ = {
			isa = PBXGroup;
			children = (
				6D48AF4D19AA68C700027D42 /* AccountView.h */,
				6D48AF4E19AA68C700027D42 /* AccountView.m */,
				6DA680A219B41218002B04E3 /* DetailedView.h */,
				6DA680A319B41218002B04E3 /* DetailedView.m */,
			);
			name = Views;
			sourceTree = "<group>";
		};
/* End PBXGroup section */

/* Begin PBXNativeTarget section */
		6D66CE811964F57E00AF16F9 /* Hipster */ = {
			isa = PBXNativeTarget;
			buildConfigurationList = 6D66CEAE1964F57E00AF16F9 /* Build configuration list for PBXNativeTarget "Hipster" */;
			buildPhases = (
				6D66CE7E1964F57E00AF16F9 /* Sources */,
				6D66CE7F1964F57E00AF16F9 /* Frameworks */,
				6D66CE801964F57E00AF16F9 /* Resources */,
			);
			buildRules = (
			);
			dependencies = (
			);
			name = Hipster;
			productName = test;
			productReference = 6D66CE821964F57E00AF16F9 /* Hipster.app */;
			productType = "com.apple.product-type.application";
		};
		6D66CE9C1964F57E00AF16F9 /* HipsterTests */ = {
			isa = PBXNativeTarget;
			buildConfigurationList = 6D66CEB11964F57E00AF16F9 /* Build configuration list for PBXNativeTarget "HipsterTests" */;
			buildPhases = (
				6D66CE991964F57E00AF16F9 /* Sources */,
				6D66CE9A1964F57E00AF16F9 /* Frameworks */,
				6D66CE9B1964F57E00AF16F9 /* Resources */,
			);
			buildRules = (
			);
			dependencies = (
				6D66CEA31964F57E00AF16F9 /* PBXTargetDependency */,
			);
			name = HipsterTests;
			productName = testTests;
			productReference = 6D66CE9D1964F57E00AF16F9 /* HipsterTests.xctest */;
			productType = "com.apple.product-type.bundle.unit-test";
		};
/* End PBXNativeTarget section */

/* Begin PBXProject section */
		6D66CE7A1964F57E00AF16F9 /* Project object */ = {
			isa = PBXProject;
			attributes = {
				LastUpgradeCheck = 0510;
				ORGANIZATIONNAME = "Bnei Baruch";
				TargetAttributes = {
					6D66CE9C1964F57E00AF16F9 = {
						TestTargetID = 6D66CE811964F57E00AF16F9;
					};
				};
			};
			buildConfigurationList = 6D66CE7D1964F57E00AF16F9 /* Build configuration list for PBXProject "Hipster" */;
			compatibilityVersion = "Xcode 3.2";
			developmentRegion = English;
			hasScannedForEncodings = 0;
			knownRegions = (
				en,
			);
			mainGroup = 6D66CE791964F57E00AF16F9;
			productRefGroup = 6D66CE831964F57E00AF16F9 /* Products */;
			projectDirPath = "";
			projectReferences = (
				{
					ProductGroup = 6D48AFD819AB21DD00027D42 /* Products */;
					ProjectRef = 6D48AFD719AB21DD00027D42 /* GMDLibrary.xcodeproj */;
				},
			);
			projectRoot = "";
			targets = (
				6D66CE811964F57E00AF16F9 /* Hipster */,
				6D66CE9C1964F57E00AF16F9 /* HipsterTests */,
			);
		};
/* End PBXProject section */

/* Begin PBXReferenceProxy section */
		6D48AFDD19AB21DD00027D42 /* libGMDLibrary.a */ = {
			isa = PBXReferenceProxy;
			fileType = archive.ar;
			path = libGMDLibrary.a;
			remoteRef = 6D48AFDC19AB21DD00027D42 /* PBXContainerItemProxy */;
			sourceTree = BUILT_PRODUCTS_DIR;
		};
		6D48AFDF19AB21DD00027D42 /* GMDLibraryTests.xctest */ = {
			isa = PBXReferenceProxy;
			fileType = wrapper.cfbundle;
			path = GMDLibraryTests.xctest;
			remoteRef = 6D48AFDE19AB21DD00027D42 /* PBXContainerItemProxy */;
			sourceTree = BUILT_PRODUCTS_DIR;
		};
/* End PBXReferenceProxy section */

/* Begin PBXResourcesBuildPhase section */
		6D66CE801964F57E00AF16F9 /* Resources */ = {
			isa = PBXResourcesBuildPhase;
			buildActionMask = 2147483647;
			files = (
				6DA913901998793B00DBCD77 /* Oswald-Regular.otf in Resources */,
				6D66CE901964F57E00AF16F9 /* InfoPlist.strings in Resources */,
				6D66CE981964F57E00AF16F9 /* Images.xcassets in Resources */,
				6DA9138F1998793B00DBCD77 /* Oswald-Light.otf in Resources */,
				6DA9138E1998793B00DBCD77 /* Oswald-Bold.otf in Resources */,
			);
			runOnlyForDeploymentPostprocessing = 0;
		};
		6D66CE9B1964F57E00AF16F9 /* Resources */ = {
			isa = PBXResourcesBuildPhase;
			buildActionMask = 2147483647;
			files = (
				6D66CEA91964F57E00AF16F9 /* InfoPlist.strings in Resources */,
			);
			runOnlyForDeploymentPostprocessing = 0;
		};
/* End PBXResourcesBuildPhase section */

/* Begin PBXSourcesBuildPhase section */
		6D66CE7E1964F57E00AF16F9 /* Sources */ = {
			isa = PBXSourcesBuildPhase;
			buildActionMask = 2147483647;
			files = (
				6DA680AA19B42AF1002B04E3 /* PresentDetailTransition.m in Sources */,
				6D5D7AC81992DC5B00A72676 /* UIFont+HipsteriOSAdditions.m in Sources */,
				6DD1F37A19B4CCE8002A4C16 /* UIButton+AFNetworking.m in Sources */,
				6D5C84C419A1C8C80052D1D9 /* GMWebViewController.m in Sources */,
				6D50E29419A5A56B00CB328E /* GMHUDWindowViewController.m in Sources */,
				6DD1F37419B4CCE8002A4C16 /* AFURLConnectionOperation.m in Sources */,
				6D50E28D19A59B0800CB328E /* GMHudView.m in Sources */,
				6DD1F37819B4CCE8002A4C16 /* UIActivityIndicatorView+AFNetworking.m in Sources */,
				6DD1F37919B4CCE8002A4C16 /* UIAlertView+AFNetworking.m in Sources */,
				6D66CEC01964F97A00AF16F9 /* ListViewController.m in Sources */,
				6D5D7ACB1992DE7B00A72676 /* UIButton+HipsteriOSAdditions.m in Sources */,
				6D66CEBD1964F72200AF16F9 /* SignInViewController.m in Sources */,
				6D5C84BF19A1BA4D0052D1D9 /* GMWebView.m in Sources */,
				6DA913A1199DD28100DBCD77 /* FeedCell.m in Sources */,
				6DD1F37519B4CCE8002A4C16 /* AFURLRequestSerialization.m in Sources */,
				6D50E29119A5A29800CB328E /* GMHUDWindow.m in Sources */,
				6DD1F37E19B4CCE8002A4C16 /* UIWebView+AFNetworking.m in Sources */,
				6D5D7AC51992DA4200A72676 /* UIColor+HipsteriOSAdditions.m in Sources */,
				6DD1F36E19B4CCE8002A4C16 /* AFHTTPRequestOperation.m in Sources */,
				6DA9139D199DBD6300DBCD77 /* FeedViewController.m in Sources */,
				6DA913A419A0463000DBCD77 /* AccountViewController.m in Sources */,
				6DA6809F19B41168002B04E3 /* DetailViewController.m in Sources */,
				6DA91397199C58B200DBCD77 /* SettingsViewController.m in Sources */,
				6D66CEBA1964F6A200AF16F9 /* splitViewController.m in Sources */,
				6DD1F37B19B4CCE8002A4C16 /* UIImageView+AFNetworking.m in Sources */,
				6DD1F37C19B4CCE8002A4C16 /* UIProgressView+AFNetworking.m in Sources */,
				6D5D7AD319932AFB00A72676 /* HSIDefines.m in Sources */,
				6DA680A419B41218002B04E3 /* DetailedView.m in Sources */,
				6DD1F36F19B4CCE8002A4C16 /* AFHTTPRequestOperationManager.m in Sources */,
				6DD1F37319B4CCE8002A4C16 /* AFSecurityPolicy.m in Sources */,
				6DD1F37719B4CCE8002A4C16 /* AFURLSessionManager.m in Sources */,
				6DA680AD19B42BE2002B04E3 /* DismissDetailTransition.m in Sources */,
				6DB711181991DF3C00955F7B /* TableViewCellDelegateConfirmationConrol.m in Sources */,
				6DD1F37D19B4CCE8002A4C16 /* UIRefreshControl+AFNetworking.m in Sources */,
				6DD1F37019B4CCE8002A4C16 /* AFHTTPSessionManager.m in Sources */,
				6DA680A719B41752002B04E3 /* PhotoController.m in Sources */,
				6DD1F37619B4CCE8002A4C16 /* AFURLResponseSerialization.m in Sources */,
				6DB710DB198F0CED00955F7B /* MainViewController.m in Sources */,
				6DD1F37119B4CCE8002A4C16 /* AFNetworkActivityIndicatorManager.m in Sources */,
				6D48AF4F19AA68C700027D42 /* AccountView.m in Sources */,
				6DD1F37219B4CCE8002A4C16 /* AFNetworkReachabilityManager.m in Sources */,
				6DB710D8198F0CE000955F7B /* ListTableViewController.m in Sources */,
				6D5C84C719A45AC30052D1D9 /* PhotoCell.m in Sources */,
				6D66CEC31964FB0B00AF16F9 /* CDKUser.m in Sources */,
				6D66CE961964F57E00AF16F9 /* AppDelegate.m in Sources */,
				6D66CE921964F57E00AF16F9 /* main.m in Sources */,
			);
			runOnlyForDeploymentPostprocessing = 0;
		};
		6D66CE991964F57E00AF16F9 /* Sources */ = {
			isa = PBXSourcesBuildPhase;
			buildActionMask = 2147483647;
			files = (
				6D66CEAB1964F57E00AF16F9 /* testTests.m in Sources */,
			);
			runOnlyForDeploymentPostprocessing = 0;
		};
/* End PBXSourcesBuildPhase section */

/* Begin PBXTargetDependency section */
		6D66CEA31964F57E00AF16F9 /* PBXTargetDependency */ = {
			isa = PBXTargetDependency;
			target = 6D66CE811964F57E00AF16F9 /* Hipster */;
			targetProxy = 6D66CEA21964F57E00AF16F9 /* PBXContainerItemProxy */;
		};
/* End PBXTargetDependency section */

/* Begin PBXVariantGroup section */
		6D66CE8E1964F57E00AF16F9 /* InfoPlist.strings */ = {
			isa = PBXVariantGroup;
			children = (
				6D66CE8F1964F57E00AF16F9 /* en */,
			);
			name = InfoPlist.strings;
			sourceTree = "<group>";
		};
		6D66CEA71964F57E00AF16F9 /* InfoPlist.strings */ = {
			isa = PBXVariantGroup;
			children = (
				6D66CEA81964F57E00AF16F9 /* en */,
			);
			name = InfoPlist.strings;
			sourceTree = "<group>";
		};
/* End PBXVariantGroup section */

/* Begin XCBuildConfiguration section */
		6D66CEAC1964F57E00AF16F9 /* Debug */ = {
			isa = XCBuildConfiguration;
			buildSettings = {
				ALWAYS_SEARCH_USER_PATHS = YES;
				CLANG_CXX_LANGUAGE_STANDARD = "gnu++0x";
				CLANG_CXX_LIBRARY = "libc++";
				CLANG_ENABLE_MODULES = NO;
				CLANG_ENABLE_OBJC_ARC = YES;
				CLANG_WARN_BOOL_CONVERSION = NO;
				CLANG_WARN_CONSTANT_CONVERSION = NO;
				CLANG_WARN_DIRECT_OBJC_ISA_USAGE = YES;
				CLANG_WARN_EMPTY_BODY = NO;
				CLANG_WARN_ENUM_CONVERSION = NO;
				CLANG_WARN_INT_CONVERSION = NO;
				CLANG_WARN_OBJC_ROOT_CLASS = YES;
				CLANG_WARN__DUPLICATE_METHOD_MATCH = YES;
				"CODE_SIGN_IDENTITY[sdk=iphoneos*]" = "iPhone Developer";
				COMPRESS_PNG_FILES = NO;
				COPY_PHASE_STRIP = NO;
				GCC_C_LANGUAGE_STANDARD = gnu99;
				GCC_DYNAMIC_NO_PIC = NO;
				GCC_OPTIMIZATION_LEVEL = 0;
				GCC_PREPROCESSOR_DEFINITIONS = (
					"DEBUG=1",
					"$(inherited)",
				);
				GCC_SYMBOLS_PRIVATE_EXTERN = NO;
				GCC_WARN_64_TO_32_BIT_CONVERSION = YES;
				GCC_WARN_ABOUT_RETURN_TYPE = YES;
				GCC_WARN_UNDECLARED_SELECTOR = NO;
				GCC_WARN_UNINITIALIZED_AUTOS = YES;
				GCC_WARN_UNUSED_FUNCTION = NO;
				GCC_WARN_UNUSED_VARIABLE = YES;
				IPHONEOS_DEPLOYMENT_TARGET = 7.1;
				ONLY_ACTIVE_ARCH = NO;
				SDKROOT = iphoneos;
			};
			name = Debug;
		};
		6D66CEAD1964F57E00AF16F9 /* Release */ = {
			isa = XCBuildConfiguration;
			buildSettings = {
				ALWAYS_SEARCH_USER_PATHS = YES;
				CLANG_CXX_LANGUAGE_STANDARD = "gnu++0x";
				CLANG_CXX_LIBRARY = "libc++";
				CLANG_ENABLE_MODULES = NO;
				CLANG_ENABLE_OBJC_ARC = YES;
				CLANG_WARN_BOOL_CONVERSION = NO;
				CLANG_WARN_CONSTANT_CONVERSION = NO;
				CLANG_WARN_DIRECT_OBJC_ISA_USAGE = YES;
				CLANG_WARN_EMPTY_BODY = NO;
				CLANG_WARN_ENUM_CONVERSION = NO;
				CLANG_WARN_INT_CONVERSION = NO;
				CLANG_WARN_OBJC_ROOT_CLASS = YES;
				CLANG_WARN__DUPLICATE_METHOD_MATCH = YES;
				"CODE_SIGN_IDENTITY[sdk=iphoneos*]" = "iPhone Developer";
				COMPRESS_PNG_FILES = NO;
				COPY_PHASE_STRIP = YES;
				ENABLE_NS_ASSERTIONS = YES;
				GCC_C_LANGUAGE_STANDARD = gnu99;
				GCC_WARN_64_TO_32_BIT_CONVERSION = YES;
				GCC_WARN_ABOUT_RETURN_TYPE = YES;
				GCC_WARN_UNDECLARED_SELECTOR = NO;
				GCC_WARN_UNINITIALIZED_AUTOS = YES;
				GCC_WARN_UNUSED_FUNCTION = NO;
				GCC_WARN_UNUSED_VARIABLE = YES;
				IPHONEOS_DEPLOYMENT_TARGET = 7.1;
				OTHER_CFLAGS = "-DNS_BLOCK_ASSERTIONS=1";
				SDKROOT = iphoneos;
				VALIDATE_PRODUCT = YES;
			};
			name = Release;
		};
		6D66CEAF1964F57E00AF16F9 /* Debug */ = {
			isa = XCBuildConfiguration;
			buildSettings = {
				ASSETCATALOG_COMPILER_APPICON_NAME = AppIcon;
				ASSETCATALOG_COMPILER_LAUNCHIMAGE_NAME = LaunchImage;
				CODE_SIGN_IDENTITY = "iPhone Developer";
				COMPRESS_PNG_FILES = NO;
				FRAMEWORK_SEARCH_PATHS = (
					"$(inherited)",
					"\"$(SRCROOT)/Vendor\"",
					"$(PROJECT_DIR)",
				);
				GCC_PRECOMPILE_PREFIX_HEADER = YES;
				GCC_PREFIX_HEADER = "test/Hipster-Prefix.pch";
				HEADER_SEARCH_PATHS = (
					"$(inherited)",
					/Applications/Xcode.app/Contents/Developer/Toolchains/XcodeDefault.xctoolchain/usr/include,
					"\"$(SRCROOT)\"",
				);
				INFOPLIST_FILE = "test/Hipster-Info.plist";
				IPHONEOS_DEPLOYMENT_TARGET = 7.1;
				ONLY_ACTIVE_ARCH = NO;
				OTHER_CFLAGS = "-DDEBUG";
				OTHER_LDFLAGS = "";
				PRODUCT_NAME = Hipster;
				TARGETED_DEVICE_FAMILY = "1,2";
				USER_HEADER_SEARCH_PATHS = "";
				WRAPPER_EXTENSION = app;
			};
			name = Debug;
		};
		6D66CEB01964F57E00AF16F9 /* Release */ = {
			isa = XCBuildConfiguration;
			buildSettings = {
				ASSETCATALOG_COMPILER_APPICON_NAME = AppIcon;
				ASSETCATALOG_COMPILER_LAUNCHIMAGE_NAME = LaunchImage;
				CODE_SIGN_IDENTITY = "iPhone Developer";
				COMPRESS_PNG_FILES = NO;
				FRAMEWORK_SEARCH_PATHS = (
					"$(inherited)",
					"\"$(SRCROOT)/Vendor\"",
					"$(PROJECT_DIR)",
				);
				GCC_PRECOMPILE_PREFIX_HEADER = YES;
				GCC_PREFIX_HEADER = "test/Hipster-Prefix.pch";
				HEADER_SEARCH_PATHS = (
					"$(inherited)",
					/Applications/Xcode.app/Contents/Developer/Toolchains/XcodeDefault.xctoolchain/usr/include,
					"\"$(SRCROOT)\"",
				);
				INFOPLIST_FILE = "test/Hipster-Info.plist";
				IPHONEOS_DEPLOYMENT_TARGET = 7.1;
				OTHER_LDFLAGS = "";
				PRODUCT_NAME = Hipster;
				TARGETED_DEVICE_FAMILY = "1,2";
				USER_HEADER_SEARCH_PATHS = "";
				WRAPPER_EXTENSION = app;
			};
			name = Release;
		};
		6D66CEB21964F57E00AF16F9 /* Debug */ = {
			isa = XCBuildConfiguration;
			buildSettings = {
				BUNDLE_LOADER = "$(BUILT_PRODUCTS_DIR)/test.app/test";
				FRAMEWORK_SEARCH_PATHS = (
					"$(SDKROOT)/Developer/Library/Frameworks",
					"$(inherited)",
					"$(DEVELOPER_FRAMEWORKS_DIR)",
				);
				GCC_PRECOMPILE_PREFIX_HEADER = YES;
				GCC_PREFIX_HEADER = "test/test-Prefix.pch";
				GCC_PREPROCESSOR_DEFINITIONS = (
					"DEBUG=1",
					"$(inherited)",
				);
				INFOPLIST_FILE = "testTests/HipsterTests-Info.plist";
				PRODUCT_NAME = HipsterTests;
				TEST_HOST = "$(BUNDLE_LOADER)";
				WRAPPER_EXTENSION = xctest;
			};
			name = Debug;
		};
		6D66CEB31964F57E00AF16F9 /* Release */ = {
			isa = XCBuildConfiguration;
			buildSettings = {
				BUNDLE_LOADER = "$(BUILT_PRODUCTS_DIR)/test.app/test";
				FRAMEWORK_SEARCH_PATHS = (
					"$(SDKROOT)/Developer/Library/Frameworks",
					"$(inherited)",
					"$(DEVELOPER_FRAMEWORKS_DIR)",
				);
				GCC_PRECOMPILE_PREFIX_HEADER = YES;
				GCC_PREFIX_HEADER = "test/test-Prefix.pch";
				INFOPLIST_FILE = "testTests/HipsterTests-Info.plist";
				PRODUCT_NAME = HipsterTests;
				TEST_HOST = "$(BUNDLE_LOADER)";
				WRAPPER_EXTENSION = xctest;
			};
			name = Release;
		};
/* End XCBuildConfiguration section */

/* Begin XCConfigurationList section */
		6D66CE7D1964F57E00AF16F9 /* Build configuration list for PBXProject "Hipster" */ = {
			isa = XCConfigurationList;
			buildConfigurations = (
				6D66CEAC1964F57E00AF16F9 /* Debug */,
				6D66CEAD1964F57E00AF16F9 /* Release */,
			);
			defaultConfigurationIsVisible = 0;
			defaultConfigurationName = Release;
		};
		6D66CEAE1964F57E00AF16F9 /* Build configuration list for PBXNativeTarget "Hipster" */ = {
			isa = XCConfigurationList;
			buildConfigurations = (
				6D66CEAF1964F57E00AF16F9 /* Debug */,
				6D66CEB01964F57E00AF16F9 /* Release */,
			);
			defaultConfigurationIsVisible = 0;
			defaultConfigurationName = Release;
		};
		6D66CEB11964F57E00AF16F9 /* Build configuration list for PBXNativeTarget "HipsterTests" */ = {
			isa = XCConfigurationList;
			buildConfigurations = (
				6D66CEB21964F57E00AF16F9 /* Debug */,
				6D66CEB31964F57E00AF16F9 /* Release */,
			);
			defaultConfigurationIsVisible = 0;
			defaultConfigurationName = Release;
		};
/* End XCConfigurationList section */
	};
	rootObject = 6D66CE7A1964F57E00AF16F9 /* Project object */;
}
